<?xml version="1.0" encoding="utf-8"?>
<Project ToolsVersion="4.0" xmlns="http://schemas.microsoft.com/developer/msbuild/2003">
  <ItemGroup>
    <Filter Include="External Libraries">
      <UniqueIdentifier>{c7526e43-04e5-40dc-9d20-468be89367fa}</UniqueIdentifier>
    </Filter>
    <Filter Include="External Libraries\SDL">
      <UniqueIdentifier>{abf5ab7a-2217-4375-a54d-a5a2328a3dce}</UniqueIdentifier>
    </Filter>
    <Filter Include="External Libraries\GLEW">
      <UniqueIdentifier>{8f238403-90bd-471a-90ea-9dc70688168d}</UniqueIdentifier>
    </Filter>
    <Filter Include="Tools">
      <UniqueIdentifier>{1a294cdd-1603-4ed1-a3d5-943fe0834c0f}</UniqueIdentifier>
    </Filter>
    <Filter Include="Core">
      <UniqueIdentifier>{ba856a16-db0a-49aa-843a-2e19b4002571}</UniqueIdentifier>
    </Filter>
    <Filter Include="Modules">
      <UniqueIdentifier>{2cbbed58-6643-4f37-9006-0152bdab51a7}</UniqueIdentifier>
    </Filter>
    <Filter Include="External Libraries\mmgr">
      <UniqueIdentifier>{a081971f-893f-432e-8415-745111e7098e}</UniqueIdentifier>
    </Filter>
    <Filter Include="Modules\Base">
      <UniqueIdentifier>{47a7984a-abae-4732-a8ee-64a47d36dc7d}</UniqueIdentifier>
    </Filter>
    <Filter Include="External Libraries\ImGui">
      <UniqueIdentifier>{2a4e7e08-f725-4e7b-98e6-8db7ad4b0654}</UniqueIdentifier>
    </Filter>
    <Filter Include="External Libraries\JSON">
      <UniqueIdentifier>{497a668f-0dfc-4512-83c3-87fba11784cd}</UniqueIdentifier>
    </Filter>
    <Filter Include="Objects">
      <UniqueIdentifier>{2cc1c0c0-4769-450f-85b7-1615ab842389}</UniqueIdentifier>
    </Filter>
    <Filter Include="External Libraries\MathGeoLib">
      <UniqueIdentifier>{16b3a035-6901-4825-aef7-000a0c91d17a}</UniqueIdentifier>
    </Filter>
    <Filter Include="External Libraries\MathGeoLib\Algorithm">
      <UniqueIdentifier>{2b327165-dce6-4a08-8158-9d2676001b06}</UniqueIdentifier>
    </Filter>
    <Filter Include="External Libraries\MathGeoLib\Geometry">
      <UniqueIdentifier>{20de4517-daff-4011-aa75-4f19320366bd}</UniqueIdentifier>
    </Filter>
    <Filter Include="External Libraries\MathGeoLib\Math">
      <UniqueIdentifier>{2fb75cb8-85c4-49cc-b14e-e3dd3e68274f}</UniqueIdentifier>
    </Filter>
    <Filter Include="External Libraries\MathGeoLib\Time">
      <UniqueIdentifier>{a5d07728-5e38-4863-a847-87da69371b01}</UniqueIdentifier>
    </Filter>
    <Filter Include="Objects\Components">
      <UniqueIdentifier>{8d663690-a0ad-482a-8b15-630aed2cb3f9}</UniqueIdentifier>
    </Filter>
    <Filter Include="Resources">
      <UniqueIdentifier>{bdde4592-aa98-4517-8e8a-402797800f85}</UniqueIdentifier>
    </Filter>
    <Filter Include="Panels">
      <UniqueIdentifier>{eed09a86-f6d7-412b-9568-ca65244e1349}</UniqueIdentifier>
    </Filter>
    <Filter Include="Panels\Base">
      <UniqueIdentifier>{fd60fadd-e751-462d-9d64-d2b607847417}</UniqueIdentifier>
    </Filter>
    <Filter Include="Objects\Components\Base">
      <UniqueIdentifier>{befdd797-eb9c-48ed-b706-c01063fdc57f}</UniqueIdentifier>
    </Filter>
    <Filter Include="Resources\Base">
      <UniqueIdentifier>{5135db9f-dce3-4697-97b0-86cd1d1f1d2f}</UniqueIdentifier>
    </Filter>
    <Filter Include="External Libraries\PCG">
      <UniqueIdentifier>{20812aeb-e39a-4974-aac5-8fbdd5403fb6}</UniqueIdentifier>
    </Filter>
    <Filter Include="Tools\Importers">
      <UniqueIdentifier>{fad32fa3-c10b-49a2-b0cc-e9c638840fb1}</UniqueIdentifier>
    </Filter>
    <Filter Include="Tools\Importers\Base">
      <UniqueIdentifier>{48c15540-8334-4e79-9177-d7bc760d05f0}</UniqueIdentifier>
    </Filter>
    <Filter Include="External Libraries\Assimp">
      <UniqueIdentifier>{399e8622-25d7-4611-a05f-8f4a07d5d468}</UniqueIdentifier>
    </Filter>
    <Filter Include="External Libraries\Assimp\Compiler">
      <UniqueIdentifier>{6d061906-6aa4-41e6-8a01-bcca51bdfde3}</UniqueIdentifier>
    </Filter>
    <Filter Include="Objects\Components\Engine">
      <UniqueIdentifier>{aaec9e15-2eef-4bc0-9109-2325ef7e78e5}</UniqueIdentifier>
    </Filter>
    <Filter Include="Tools\Math">
      <UniqueIdentifier>{21deb4c4-8478-4ad6-b09c-58974fd6aba3}</UniqueIdentifier>
    </Filter>
    <Filter Include="External Libraries\infoware">
      <UniqueIdentifier>{e375f570-5dbb-48c7-a320-152fd7d13456}</UniqueIdentifier>
    </Filter>
    <Filter Include="External Libraries\infoware\detail">
      <UniqueIdentifier>{8dcb4005-ad03-4577-9737-ad3c6f7ebb1e}</UniqueIdentifier>
    </Filter>
    <Filter Include="Tools\OpenGL">
      <UniqueIdentifier>{f1a69d3f-4a22-4b00-b15c-371ccef3e91b}</UniqueIdentifier>
    </Filter>
    <Filter Include="Tools\Map">
      <UniqueIdentifier>{ef822655-90b5-42c0-a5b0-bc5ae13c5e17}</UniqueIdentifier>
    </Filter>
    <Filter Include="Tools\System">
      <UniqueIdentifier>{0ee56091-7e71-4d72-b9b8-6363e7ecf223}</UniqueIdentifier>
    </Filter>
    <Filter Include="External Libraries\pugixml">
      <UniqueIdentifier>{4fb34090-a93b-4f5e-b737-ba37265bfdcf}</UniqueIdentifier>
    </Filter>
    <Filter Include="External Libraries\DevIL">
      <UniqueIdentifier>{3f3a6888-ad57-4fe0-a0d7-832f90e10ede}</UniqueIdentifier>
    </Filter>
    <Filter Include="External Libraries\MathGeoLib\emscripten">
      <UniqueIdentifier>{ffc2f2db-b7ed-4464-8d3f-52fe5bd06640}</UniqueIdentifier>
    </Filter>
    <Filter Include="External Libraries\base64">
      <UniqueIdentifier>{1c999a2e-7d31-4ce6-93a2-2ef3ca96d36b}</UniqueIdentifier>
    </Filter>
    <Filter Include="External Libraries\zlib">
      <UniqueIdentifier>{65b5addd-482e-412f-8b74-e1132449fec6}</UniqueIdentifier>
    </Filter>
    <Filter Include="External Libraries\zlib\dependencies">
      <UniqueIdentifier>{59b821ed-f15c-42af-8e4e-d1cf3814a01c}</UniqueIdentifier>
    </Filter>
    <Filter Include="icon">
      <UniqueIdentifier>{2f6fd91d-6524-49bd-9631-d3d60454f43f}</UniqueIdentifier>
    </Filter>
    <Filter Include="External Libraries\ImGui\markdown">
      <UniqueIdentifier>{38c3c35d-27fd-41d3-9a27-413caa3de730}</UniqueIdentifier>
    </Filter>
  </ItemGroup>
  <ItemGroup>
    <ClCompile Include="ExternalTools\ImGui\imgui_widgets.cpp">
      <Filter>External Libraries\ImGui</Filter>
    </ClCompile>
    <ClCompile Include="ExternalTools\ImGui\imgui.cpp">
      <Filter>External Libraries\ImGui</Filter>
    </ClCompile>
    <ClCompile Include="ExternalTools\ImGui\imgui_demo.cpp">
      <Filter>External Libraries\ImGui</Filter>
    </ClCompile>
    <ClCompile Include="ExternalTools\ImGui\imgui_draw.cpp">
      <Filter>External Libraries\ImGui</Filter>
    </ClCompile>
    <ClCompile Include="ExternalTools\ImGui\imgui_impl_opengl3.cpp">
      <Filter>External Libraries\ImGui</Filter>
    </ClCompile>
    <ClCompile Include="ExternalTools\ImGui\imgui_impl_sdl.cpp">
      <Filter>External Libraries\ImGui</Filter>
    </ClCompile>
    <ClCompile Include="ExternalTools\mmgr\mmgr.cpp">
      <Filter>External Libraries\mmgr</Filter>
    </ClCompile>
    <ClCompile Include="ExternalTools\pugixml\pugixml.cpp">
      <Filter>External Libraries\pugixml</Filter>
    </ClCompile>
    <ClCompile Include="ExternalTools\MathGeoLib\include\Algorithm\GJK2D.cpp">
      <Filter>External Libraries\MathGeoLib\Algorithm</Filter>
    </ClCompile>
    <ClCompile Include="ExternalTools\MathGeoLib\include\Algorithm\SAT.cpp">
      <Filter>External Libraries\MathGeoLib\Algorithm</Filter>
    </ClCompile>
    <ClCompile Include="ExternalTools\MathGeoLib\include\Algorithm\GJK.cpp">
      <Filter>External Libraries\MathGeoLib\Algorithm</Filter>
    </ClCompile>
    <ClCompile Include="ExternalTools\MathGeoLib\include\Geometry\TriangleMesh.cpp">
      <Filter>External Libraries\MathGeoLib\Geometry</Filter>
    </ClCompile>
    <ClCompile Include="ExternalTools\MathGeoLib\include\Geometry\AABB.cpp">
      <Filter>External Libraries\MathGeoLib\Geometry</Filter>
    </ClCompile>
    <ClCompile Include="ExternalTools\MathGeoLib\include\Geometry\Capsule.cpp">
      <Filter>External Libraries\MathGeoLib\Geometry</Filter>
    </ClCompile>
    <ClCompile Include="ExternalTools\MathGeoLib\include\Geometry\Circle.cpp">
      <Filter>External Libraries\MathGeoLib\Geometry</Filter>
    </ClCompile>
    <ClCompile Include="ExternalTools\MathGeoLib\include\Geometry\Circle2D.cpp">
      <Filter>External Libraries\MathGeoLib\Geometry</Filter>
    </ClCompile>
    <ClCompile Include="ExternalTools\MathGeoLib\include\Geometry\Frustum.cpp">
      <Filter>External Libraries\MathGeoLib\Geometry</Filter>
    </ClCompile>
    <ClCompile Include="ExternalTools\MathGeoLib\include\Geometry\Line.cpp">
      <Filter>External Libraries\MathGeoLib\Geometry</Filter>
    </ClCompile>
    <ClCompile Include="ExternalTools\MathGeoLib\include\Geometry\LineSegment.cpp">
      <Filter>External Libraries\MathGeoLib\Geometry</Filter>
    </ClCompile>
    <ClCompile Include="ExternalTools\MathGeoLib\include\Geometry\LineSegment2D.cpp">
      <Filter>External Libraries\MathGeoLib\Geometry</Filter>
    </ClCompile>
    <ClCompile Include="ExternalTools\MathGeoLib\include\Geometry\OBB.cpp">
      <Filter>External Libraries\MathGeoLib\Geometry</Filter>
    </ClCompile>
    <ClCompile Include="ExternalTools\MathGeoLib\include\Geometry\PBVolume.cpp">
      <Filter>External Libraries\MathGeoLib\Geometry</Filter>
    </ClCompile>
    <ClCompile Include="ExternalTools\MathGeoLib\include\Geometry\Plane.cpp">
      <Filter>External Libraries\MathGeoLib\Geometry</Filter>
    </ClCompile>
    <ClCompile Include="ExternalTools\MathGeoLib\include\Geometry\Polygon.cpp">
      <Filter>External Libraries\MathGeoLib\Geometry</Filter>
    </ClCompile>
    <ClCompile Include="ExternalTools\MathGeoLib\include\Geometry\Polyhedron.cpp">
      <Filter>External Libraries\MathGeoLib\Geometry</Filter>
    </ClCompile>
    <ClCompile Include="ExternalTools\MathGeoLib\include\Geometry\Ray.cpp">
      <Filter>External Libraries\MathGeoLib\Geometry</Filter>
    </ClCompile>
    <ClCompile Include="ExternalTools\MathGeoLib\include\Geometry\Sphere.cpp">
      <Filter>External Libraries\MathGeoLib\Geometry</Filter>
    </ClCompile>
    <ClCompile Include="ExternalTools\MathGeoLib\include\Geometry\Triangle.cpp">
      <Filter>External Libraries\MathGeoLib\Geometry</Filter>
    </ClCompile>
    <ClCompile Include="ExternalTools\MathGeoLib\include\Geometry\Triangle2D.cpp">
      <Filter>External Libraries\MathGeoLib\Geometry</Filter>
    </ClCompile>
    <ClCompile Include="ExternalTools\MathGeoLib\include\Math\TransformOps.cpp">
      <Filter>External Libraries\MathGeoLib\Math</Filter>
    </ClCompile>
    <ClCompile Include="ExternalTools\MathGeoLib\include\Math\BitOps.cpp">
      <Filter>External Libraries\MathGeoLib\Math</Filter>
    </ClCompile>
    <ClCompile Include="ExternalTools\MathGeoLib\include\Math\Callstack.cpp">
      <Filter>External Libraries\MathGeoLib\Math</Filter>
    </ClCompile>
    <ClCompile Include="ExternalTools\MathGeoLib\include\Math\float2.cpp">
      <Filter>External Libraries\MathGeoLib\Math</Filter>
    </ClCompile>
    <ClCompile Include="ExternalTools\MathGeoLib\include\Math\float3.cpp">
      <Filter>External Libraries\MathGeoLib\Math</Filter>
    </ClCompile>
    <ClCompile Include="ExternalTools\MathGeoLib\include\Math\float3x3.cpp">
      <Filter>External Libraries\MathGeoLib\Math</Filter>
    </ClCompile>
    <ClCompile Include="ExternalTools\MathGeoLib\include\Math\float3x4.cpp">
      <Filter>External Libraries\MathGeoLib\Math</Filter>
    </ClCompile>
    <ClCompile Include="ExternalTools\MathGeoLib\include\Math\float4.cpp">
      <Filter>External Libraries\MathGeoLib\Math</Filter>
    </ClCompile>
    <ClCompile Include="ExternalTools\MathGeoLib\include\Math\float4d.cpp">
      <Filter>External Libraries\MathGeoLib\Math</Filter>
    </ClCompile>
    <ClCompile Include="ExternalTools\MathGeoLib\include\Math\float4x4.cpp">
      <Filter>External Libraries\MathGeoLib\Math</Filter>
    </ClCompile>
    <ClCompile Include="ExternalTools\MathGeoLib\include\Math\grisu3.c">
      <Filter>External Libraries\MathGeoLib\Math</Filter>
    </ClCompile>
    <ClCompile Include="ExternalTools\MathGeoLib\include\Math\grisu3_cpp.cpp">
      <Filter>External Libraries\MathGeoLib\Math</Filter>
    </ClCompile>
    <ClCompile Include="ExternalTools\MathGeoLib\include\Math\MathFunc.cpp">
      <Filter>External Libraries\MathGeoLib\Math</Filter>
    </ClCompile>
    <ClCompile Include="ExternalTools\MathGeoLib\include\Math\MathLog.cpp">
      <Filter>External Libraries\MathGeoLib\Math</Filter>
    </ClCompile>
    <ClCompile Include="ExternalTools\MathGeoLib\include\Math\MathOps.cpp">
      <Filter>External Libraries\MathGeoLib\Math</Filter>
    </ClCompile>
    <ClCompile Include="ExternalTools\MathGeoLib\include\Math\MiniFloat.cpp">
      <Filter>External Libraries\MathGeoLib\Math</Filter>
    </ClCompile>
    <ClCompile Include="ExternalTools\MathGeoLib\include\Math\Polynomial.cpp">
      <Filter>External Libraries\MathGeoLib\Math</Filter>
    </ClCompile>
    <ClCompile Include="ExternalTools\MathGeoLib\include\Math\Quat.cpp">
      <Filter>External Libraries\MathGeoLib\Math</Filter>
    </ClCompile>
    <ClCompile Include="ExternalTools\MathGeoLib\include\Math\SSEMath.cpp">
      <Filter>External Libraries\MathGeoLib\Math</Filter>
    </ClCompile>
    <ClCompile Include="ExternalTools\MathGeoLib\include\Algorithm\Random\LCG.cpp">
      <Filter>External Libraries\MathGeoLib\Algorithm</Filter>
    </ClCompile>
    <ClCompile Include="ExternalTools\MathGeoLib\include\Time\Clock.cpp">
      <Filter>External Libraries\MathGeoLib\Time</Filter>
    </ClCompile>
    <ClCompile Include="ExternalTools\base64\base64.cpp">
      <Filter>External Libraries\base64</Filter>
    </ClCompile>
    <ClCompile Include="ExternalTools\zlib\zlib_strings.cpp">
      <Filter>External Libraries\zlib</Filter>
    </ClCompile>
    <ClCompile Include="ExternalTools\zlib\gzlib.c">
      <Filter>External Libraries\zlib\dependencies</Filter>
    </ClCompile>
    <ClCompile Include="ExternalTools\zlib\gzread.c">
      <Filter>External Libraries\zlib\dependencies</Filter>
    </ClCompile>
    <ClCompile Include="ExternalTools\zlib\gzwrite.c">
      <Filter>External Libraries\zlib\dependencies</Filter>
    </ClCompile>
    <ClCompile Include="ExternalTools\zlib\infback.c">
      <Filter>External Libraries\zlib\dependencies</Filter>
    </ClCompile>
    <ClCompile Include="ExternalTools\zlib\inffast.c">
      <Filter>External Libraries\zlib\dependencies</Filter>
    </ClCompile>
    <ClCompile Include="ExternalTools\zlib\inflate.c">
      <Filter>External Libraries\zlib\dependencies</Filter>
    </ClCompile>
    <ClCompile Include="ExternalTools\zlib\inftrees.c">
      <Filter>External Libraries\zlib\dependencies</Filter>
    </ClCompile>
    <ClCompile Include="ExternalTools\zlib\trees.c">
      <Filter>External Libraries\zlib\dependencies</Filter>
    </ClCompile>
    <ClCompile Include="ExternalTools\zlib\uncompr.c">
      <Filter>External Libraries\zlib\dependencies</Filter>
    </ClCompile>
    <ClCompile Include="ExternalTools\zlib\zutil.c">
      <Filter>External Libraries\zlib\dependencies</Filter>
    </ClCompile>
    <ClCompile Include="ExternalTools\zlib\adler32.c">
      <Filter>External Libraries\zlib\dependencies</Filter>
    </ClCompile>
    <ClCompile Include="ExternalTools\zlib\compress.c">
      <Filter>External Libraries\zlib\dependencies</Filter>
    </ClCompile>
    <ClCompile Include="ExternalTools\zlib\crc32.c">
      <Filter>External Libraries\zlib\dependencies</Filter>
    </ClCompile>
    <ClCompile Include="ExternalTools\zlib\deflate.c">
      <Filter>External Libraries\zlib\dependencies</Filter>
    </ClCompile>
    <ClCompile Include="ExternalTools\zlib\gzclose.c">
      <Filter>External Libraries\zlib\dependencies</Filter>
    </ClCompile>
    <ClCompile Include="Resources\Base\Resource.cpp" />
    <ClCompile Include="Resources\r1Map.cpp" />
    <ClCompile Include="Resources\r1Mesh.cpp" />
    <ClCompile Include="Resources\r1Model.cpp" />
    <ClCompile Include="Resources\r1Shader.cpp" />
    <ClCompile Include="Resources\r1Texture.cpp" />
    <ClCompile Include="Resources\r1Tileset.cpp" />
    <ClCompile Include="Tools\FileSystem.cpp" />
    <ClCompile Include="Tools\FileWatch.cpp" />
    <ClCompile Include="Tools\Importers\Base\Importer.cpp" />
    <ClCompile Include="Tools\Importers\i1Model.cpp" />
    <ClCompile Include="Tools\Importers\i1Tileset.cpp" />
    <ClCompile Include="Tools\Map\MapLayer.cpp" />
    <ClCompile Include="Tools\Map\Properties.cpp" />
    <ClCompile Include="Tools\Math\int2.cpp" />
    <ClCompile Include="Tools\Math\Random.cpp" />
    <ClCompile Include="Tools\OpenGL\OpenGLHelper.cpp" />
    <ClCompile Include="Tools\OpenGL\Viewport.cpp" />
    <ClCompile Include="Tools\System\Logger.cpp" />
    <ClCompile Include="Tools\System\OSUtils.cpp" />
    <ClCompile Include="Tools\System\Profiler.cpp" />
    <ClCompile Include="Tools\System\SystemInfo.cpp" />
    <ClCompile Include="Tools\Timer.cpp" />
    <ClCompile Include="Tools\TypeVar.cpp" />
    <ClCompile Include="Core\Application.cpp" />
    <ClCompile Include="Core\Main.cpp" />
    <ClCompile Include="Modules\Base\Module.cpp" />
    <ClCompile Include="Modules\m1Camera3D.cpp" />
    <ClCompile Include="Modules\m1Events.cpp" />
    <ClCompile Include="Modules\m1GUI.cpp" />
    <ClCompile Include="Modules\m1Importer.cpp" />
    <ClCompile Include="Modules\m1Input.cpp" />
    <ClCompile Include="Modules\m1MapEditor.cpp" />
    <ClCompile Include="Modules\m1Objects.cpp" />
    <ClCompile Include="Modules\m1Render3D.cpp" />
    <ClCompile Include="Modules\m1Resources.cpp" />
    <ClCompile Include="Modules\m1Scene.cpp" />
    <ClCompile Include="Modules\m1Window.cpp" />
    <ClCompile Include="Objects\Components\Base\Component.cpp" />
    <ClCompile Include="Objects\Components\c1Material.cpp" />
    <ClCompile Include="Objects\Components\c1Mesh.cpp" />
    <ClCompile Include="Objects\Components\c1Transform.cpp" />
    <ClCompile Include="Objects\Object.cpp" />
    <ClCompile Include="Panels\Base\Panel.cpp" />
    <ClCompile Include="Panels\p1About.cpp" />
    <ClCompile Include="Panels\p1Configuration.cpp" />
    <ClCompile Include="Panels\p1Console.cpp" />
    <ClCompile Include="Panels\p1DebugResources.cpp" />
    <ClCompile Include="Panels\p1Inspector.cpp" />
    <ClCompile Include="Panels\p1Layers.cpp" />
    <ClCompile Include="Panels\p1Objects.cpp" />
    <ClCompile Include="Panels\p1Resources.cpp" />
    <ClCompile Include="Panels\p1Scene.cpp" />
    <ClCompile Include="Panels\p1Tileset.cpp" />
    <ClCompile Include="Panels\p1Tools.cpp" />
  </ItemGroup>
  <ItemGroup>
    <ClInclude Include="ExternalTools\SDL2\include\begin_code.h">
      <Filter>External Libraries\SDL</Filter>
    </ClInclude>
    <ClInclude Include="ExternalTools\SDL2\include\close_code.h">
      <Filter>External Libraries\SDL</Filter>
    </ClInclude>
    <ClInclude Include="ExternalTools\SDL2\include\SDL.h">
      <Filter>External Libraries\SDL</Filter>
    </ClInclude>
    <ClInclude Include="ExternalTools\SDL2\include\SDL_assert.h">
      <Filter>External Libraries\SDL</Filter>
    </ClInclude>
    <ClInclude Include="ExternalTools\SDL2\include\SDL_atomic.h">
      <Filter>External Libraries\SDL</Filter>
    </ClInclude>
    <ClInclude Include="ExternalTools\SDL2\include\SDL_audio.h">
      <Filter>External Libraries\SDL</Filter>
    </ClInclude>
    <ClInclude Include="ExternalTools\SDL2\include\SDL_bits.h">
      <Filter>External Libraries\SDL</Filter>
    </ClInclude>
    <ClInclude Include="ExternalTools\SDL2\include\SDL_blendmode.h">
      <Filter>External Libraries\SDL</Filter>
    </ClInclude>
    <ClInclude Include="ExternalTools\SDL2\include\SDL_clipboard.h">
      <Filter>External Libraries\SDL</Filter>
    </ClInclude>
    <ClInclude Include="ExternalTools\SDL2\include\SDL_config.h">
      <Filter>External Libraries\SDL</Filter>
    </ClInclude>
    <ClInclude Include="ExternalTools\SDL2\include\SDL_config_android.h">
      <Filter>External Libraries\SDL</Filter>
    </ClInclude>
    <ClInclude Include="ExternalTools\SDL2\include\SDL_config_iphoneos.h">
      <Filter>External Libraries\SDL</Filter>
    </ClInclude>
    <ClInclude Include="ExternalTools\SDL2\include\SDL_config_macosx.h">
      <Filter>External Libraries\SDL</Filter>
    </ClInclude>
    <ClInclude Include="ExternalTools\SDL2\include\SDL_config_minimal.h">
      <Filter>External Libraries\SDL</Filter>
    </ClInclude>
    <ClInclude Include="ExternalTools\SDL2\include\SDL_config_pandora.h">
      <Filter>External Libraries\SDL</Filter>
    </ClInclude>
    <ClInclude Include="ExternalTools\SDL2\include\SDL_config_psp.h">
      <Filter>External Libraries\SDL</Filter>
    </ClInclude>
    <ClInclude Include="ExternalTools\SDL2\include\SDL_config_windows.h">
      <Filter>External Libraries\SDL</Filter>
    </ClInclude>
    <ClInclude Include="ExternalTools\SDL2\include\SDL_config_winrt.h">
      <Filter>External Libraries\SDL</Filter>
    </ClInclude>
    <ClInclude Include="ExternalTools\SDL2\include\SDL_config_wiz.h">
      <Filter>External Libraries\SDL</Filter>
    </ClInclude>
    <ClInclude Include="ExternalTools\SDL2\include\SDL_copying.h">
      <Filter>External Libraries\SDL</Filter>
    </ClInclude>
    <ClInclude Include="ExternalTools\SDL2\include\SDL_cpuinfo.h">
      <Filter>External Libraries\SDL</Filter>
    </ClInclude>
    <ClInclude Include="ExternalTools\SDL2\include\SDL_egl.h">
      <Filter>External Libraries\SDL</Filter>
    </ClInclude>
    <ClInclude Include="ExternalTools\SDL2\include\SDL_endian.h">
      <Filter>External Libraries\SDL</Filter>
    </ClInclude>
    <ClInclude Include="ExternalTools\SDL2\include\SDL_error.h">
      <Filter>External Libraries\SDL</Filter>
    </ClInclude>
    <ClInclude Include="ExternalTools\SDL2\include\SDL_events.h">
      <Filter>External Libraries\SDL</Filter>
    </ClInclude>
    <ClInclude Include="ExternalTools\SDL2\include\SDL_filesystem.h">
      <Filter>External Libraries\SDL</Filter>
    </ClInclude>
    <ClInclude Include="ExternalTools\SDL2\include\SDL_gamecontroller.h">
      <Filter>External Libraries\SDL</Filter>
    </ClInclude>
    <ClInclude Include="ExternalTools\SDL2\include\SDL_gesture.h">
      <Filter>External Libraries\SDL</Filter>
    </ClInclude>
    <ClInclude Include="ExternalTools\SDL2\include\SDL_haptic.h">
      <Filter>External Libraries\SDL</Filter>
    </ClInclude>
    <ClInclude Include="ExternalTools\SDL2\include\SDL_hints.h">
      <Filter>External Libraries\SDL</Filter>
    </ClInclude>
    <ClInclude Include="ExternalTools\SDL2\include\SDL_joystick.h">
      <Filter>External Libraries\SDL</Filter>
    </ClInclude>
    <ClInclude Include="ExternalTools\SDL2\include\SDL_keyboard.h">
      <Filter>External Libraries\SDL</Filter>
    </ClInclude>
    <ClInclude Include="ExternalTools\SDL2\include\SDL_keycode.h">
      <Filter>External Libraries\SDL</Filter>
    </ClInclude>
    <ClInclude Include="ExternalTools\SDL2\include\SDL_loadso.h">
      <Filter>External Libraries\SDL</Filter>
    </ClInclude>
    <ClInclude Include="ExternalTools\SDL2\include\SDL_log.h">
      <Filter>External Libraries\SDL</Filter>
    </ClInclude>
    <ClInclude Include="ExternalTools\SDL2\include\SDL_main.h">
      <Filter>External Libraries\SDL</Filter>
    </ClInclude>
    <ClInclude Include="ExternalTools\SDL2\include\SDL_messagebox.h">
      <Filter>External Libraries\SDL</Filter>
    </ClInclude>
    <ClInclude Include="ExternalTools\SDL2\include\SDL_metal.h">
      <Filter>External Libraries\SDL</Filter>
    </ClInclude>
    <ClInclude Include="ExternalTools\SDL2\include\SDL_mouse.h">
      <Filter>External Libraries\SDL</Filter>
    </ClInclude>
    <ClInclude Include="ExternalTools\SDL2\include\SDL_mutex.h">
      <Filter>External Libraries\SDL</Filter>
    </ClInclude>
    <ClInclude Include="ExternalTools\SDL2\include\SDL_name.h">
      <Filter>External Libraries\SDL</Filter>
    </ClInclude>
    <ClInclude Include="ExternalTools\SDL2\include\SDL_opengl.h">
      <Filter>External Libraries\SDL</Filter>
    </ClInclude>
    <ClInclude Include="ExternalTools\SDL2\include\SDL_opengles.h">
      <Filter>External Libraries\SDL</Filter>
    </ClInclude>
    <ClInclude Include="ExternalTools\SDL2\include\SDL_opengles2.h">
      <Filter>External Libraries\SDL</Filter>
    </ClInclude>
    <ClInclude Include="ExternalTools\SDL2\include\SDL_opengles2_gl2.h">
      <Filter>External Libraries\SDL</Filter>
    </ClInclude>
    <ClInclude Include="ExternalTools\SDL2\include\SDL_opengles2_gl2ext.h">
      <Filter>External Libraries\SDL</Filter>
    </ClInclude>
    <ClInclude Include="ExternalTools\SDL2\include\SDL_opengles2_gl2platform.h">
      <Filter>External Libraries\SDL</Filter>
    </ClInclude>
    <ClInclude Include="ExternalTools\SDL2\include\SDL_opengles2_khrplatform.h">
      <Filter>External Libraries\SDL</Filter>
    </ClInclude>
    <ClInclude Include="ExternalTools\SDL2\include\SDL_opengl_glext.h">
      <Filter>External Libraries\SDL</Filter>
    </ClInclude>
    <ClInclude Include="ExternalTools\SDL2\include\SDL_pixels.h">
      <Filter>External Libraries\SDL</Filter>
    </ClInclude>
    <ClInclude Include="ExternalTools\SDL2\include\SDL_platform.h">
      <Filter>External Libraries\SDL</Filter>
    </ClInclude>
    <ClInclude Include="ExternalTools\SDL2\include\SDL_power.h">
      <Filter>External Libraries\SDL</Filter>
    </ClInclude>
    <ClInclude Include="ExternalTools\SDL2\include\SDL_quit.h">
      <Filter>External Libraries\SDL</Filter>
    </ClInclude>
    <ClInclude Include="ExternalTools\SDL2\include\SDL_rect.h">
      <Filter>External Libraries\SDL</Filter>
    </ClInclude>
    <ClInclude Include="ExternalTools\SDL2\include\SDL_render.h">
      <Filter>External Libraries\SDL</Filter>
    </ClInclude>
    <ClInclude Include="ExternalTools\SDL2\include\SDL_revision.h">
      <Filter>External Libraries\SDL</Filter>
    </ClInclude>
    <ClInclude Include="ExternalTools\SDL2\include\SDL_rwops.h">
      <Filter>External Libraries\SDL</Filter>
    </ClInclude>
    <ClInclude Include="ExternalTools\SDL2\include\SDL_scancode.h">
      <Filter>External Libraries\SDL</Filter>
    </ClInclude>
    <ClInclude Include="ExternalTools\SDL2\include\SDL_sensor.h">
      <Filter>External Libraries\SDL</Filter>
    </ClInclude>
    <ClInclude Include="ExternalTools\SDL2\include\SDL_shape.h">
      <Filter>External Libraries\SDL</Filter>
    </ClInclude>
    <ClInclude Include="ExternalTools\SDL2\include\SDL_stdinc.h">
      <Filter>External Libraries\SDL</Filter>
    </ClInclude>
    <ClInclude Include="ExternalTools\SDL2\include\SDL_surface.h">
      <Filter>External Libraries\SDL</Filter>
    </ClInclude>
    <ClInclude Include="ExternalTools\SDL2\include\SDL_system.h">
      <Filter>External Libraries\SDL</Filter>
    </ClInclude>
    <ClInclude Include="ExternalTools\SDL2\include\SDL_syswm.h">
      <Filter>External Libraries\SDL</Filter>
    </ClInclude>
    <ClInclude Include="ExternalTools\SDL2\include\SDL_test.h">
      <Filter>External Libraries\SDL</Filter>
    </ClInclude>
    <ClInclude Include="ExternalTools\SDL2\include\SDL_test_assert.h">
      <Filter>External Libraries\SDL</Filter>
    </ClInclude>
    <ClInclude Include="ExternalTools\SDL2\include\SDL_test_common.h">
      <Filter>External Libraries\SDL</Filter>
    </ClInclude>
    <ClInclude Include="ExternalTools\SDL2\include\SDL_test_compare.h">
      <Filter>External Libraries\SDL</Filter>
    </ClInclude>
    <ClInclude Include="ExternalTools\SDL2\include\SDL_test_crc32.h">
      <Filter>External Libraries\SDL</Filter>
    </ClInclude>
    <ClInclude Include="ExternalTools\SDL2\include\SDL_test_font.h">
      <Filter>External Libraries\SDL</Filter>
    </ClInclude>
    <ClInclude Include="ExternalTools\SDL2\include\SDL_test_fuzzer.h">
      <Filter>External Libraries\SDL</Filter>
    </ClInclude>
    <ClInclude Include="ExternalTools\SDL2\include\SDL_test_harness.h">
      <Filter>External Libraries\SDL</Filter>
    </ClInclude>
    <ClInclude Include="ExternalTools\SDL2\include\SDL_test_images.h">
      <Filter>External Libraries\SDL</Filter>
    </ClInclude>
    <ClInclude Include="ExternalTools\SDL2\include\SDL_test_log.h">
      <Filter>External Libraries\SDL</Filter>
    </ClInclude>
    <ClInclude Include="ExternalTools\SDL2\include\SDL_test_md5.h">
      <Filter>External Libraries\SDL</Filter>
    </ClInclude>
    <ClInclude Include="ExternalTools\SDL2\include\SDL_test_memory.h">
      <Filter>External Libraries\SDL</Filter>
    </ClInclude>
    <ClInclude Include="ExternalTools\SDL2\include\SDL_test_random.h">
      <Filter>External Libraries\SDL</Filter>
    </ClInclude>
    <ClInclude Include="ExternalTools\SDL2\include\SDL_thread.h">
      <Filter>External Libraries\SDL</Filter>
    </ClInclude>
    <ClInclude Include="ExternalTools\SDL2\include\SDL_timer.h">
      <Filter>External Libraries\SDL</Filter>
    </ClInclude>
    <ClInclude Include="ExternalTools\SDL2\include\SDL_touch.h">
      <Filter>External Libraries\SDL</Filter>
    </ClInclude>
    <ClInclude Include="ExternalTools\SDL2\include\SDL_types.h">
      <Filter>External Libraries\SDL</Filter>
    </ClInclude>
    <ClInclude Include="ExternalTools\SDL2\include\SDL_version.h">
      <Filter>External Libraries\SDL</Filter>
    </ClInclude>
    <ClInclude Include="ExternalTools\SDL2\include\SDL_video.h">
      <Filter>External Libraries\SDL</Filter>
    </ClInclude>
    <ClInclude Include="ExternalTools\SDL2\include\SDL_vulkan.h">
      <Filter>External Libraries\SDL</Filter>
    </ClInclude>
    <ClInclude Include="ExternalTools\GLEW\include\GL\eglew.h">
      <Filter>External Libraries\GLEW</Filter>
    </ClInclude>
    <ClInclude Include="ExternalTools\GLEW\include\GL\glew.h">
      <Filter>External Libraries\GLEW</Filter>
    </ClInclude>
    <ClInclude Include="ExternalTools\GLEW\include\GL\glxew.h">
      <Filter>External Libraries\GLEW</Filter>
    </ClInclude>
    <ClInclude Include="ExternalTools\GLEW\include\GL\wglew.h">
      <Filter>External Libraries\GLEW</Filter>
    </ClInclude>
    <ClInclude Include="ExternalTools\JSON\json.hpp">
      <Filter>External Libraries\JSON</Filter>
    </ClInclude>
    <ClInclude Include="ExternalTools\par_shapes\par_shapes.h">
      <Filter>External Libraries</Filter>
    </ClInclude>
    <ClInclude Include="ExternalTools\ImGui\imgui_internal.h">
      <Filter>External Libraries\ImGui</Filter>
    </ClInclude>
    <ClInclude Include="ExternalTools\ImGui\imstb_rectpack.h">
      <Filter>External Libraries\ImGui</Filter>
    </ClInclude>
    <ClInclude Include="ExternalTools\ImGui\imstb_textedit.h">
      <Filter>External Libraries\ImGui</Filter>
    </ClInclude>
    <ClInclude Include="ExternalTools\ImGui\imstb_truetype.h">
      <Filter>External Libraries\ImGui</Filter>
    </ClInclude>
    <ClInclude Include="ExternalTools\ImGui\imconfig.h">
      <Filter>External Libraries\ImGui</Filter>
    </ClInclude>
    <ClInclude Include="ExternalTools\ImGui\imgui.h">
      <Filter>External Libraries\ImGui</Filter>
    </ClInclude>
    <ClInclude Include="ExternalTools\ImGui\imgui_impl_opengl3.h">
      <Filter>External Libraries\ImGui</Filter>
    </ClInclude>
    <ClInclude Include="ExternalTools\ImGui\imgui_impl_sdl.h">
      <Filter>External Libraries\ImGui</Filter>
    </ClInclude>
    <ClInclude Include="ExternalTools\PCG\pcg_random.hpp">
      <Filter>External Libraries\PCG</Filter>
    </ClInclude>
    <ClInclude Include="ExternalTools\PCG\pcg_uint128.hpp">
      <Filter>External Libraries\PCG</Filter>
    </ClInclude>
    <ClInclude Include="ExternalTools\PCG\pcg_extras.hpp">
      <Filter>External Libraries\PCG</Filter>
    </ClInclude>
    <ClInclude Include="ExternalTools\Assimp\include\Bitmap.h">
      <Filter>External Libraries\Assimp</Filter>
    </ClInclude>
    <ClInclude Include="ExternalTools\Assimp\include\BlobIOSystem.h">
      <Filter>External Libraries\Assimp</Filter>
    </ClInclude>
    <ClInclude Include="ExternalTools\Assimp\include\ByteSwapper.h">
      <Filter>External Libraries\Assimp</Filter>
    </ClInclude>
    <ClInclude Include="ExternalTools\Assimp\include\camera.h">
      <Filter>External Libraries\Assimp</Filter>
    </ClInclude>
    <ClInclude Include="ExternalTools\Assimp\include\cexport.h">
      <Filter>External Libraries\Assimp</Filter>
    </ClInclude>
    <ClInclude Include="ExternalTools\Assimp\include\cfileio.h">
      <Filter>External Libraries\Assimp</Filter>
    </ClInclude>
    <ClInclude Include="ExternalTools\Assimp\include\cimport.h">
      <Filter>External Libraries\Assimp</Filter>
    </ClInclude>
    <ClInclude Include="ExternalTools\Assimp\include\color4.h">
      <Filter>External Libraries\Assimp</Filter>
    </ClInclude>
    <ClInclude Include="ExternalTools\Assimp\include\config.h">
      <Filter>External Libraries\Assimp</Filter>
    </ClInclude>
    <ClInclude Include="ExternalTools\Assimp\include\CreateAnimMesh.h">
      <Filter>External Libraries\Assimp</Filter>
    </ClInclude>
    <ClInclude Include="ExternalTools\Assimp\include\DefaultIOStream.h">
      <Filter>External Libraries\Assimp</Filter>
    </ClInclude>
    <ClInclude Include="ExternalTools\Assimp\include\DefaultIOSystem.h">
      <Filter>External Libraries\Assimp</Filter>
    </ClInclude>
    <ClInclude Include="ExternalTools\Assimp\include\DefaultLogger.hpp">
      <Filter>External Libraries\Assimp</Filter>
    </ClInclude>
    <ClInclude Include="ExternalTools\Assimp\include\Defines.h">
      <Filter>External Libraries\Assimp</Filter>
    </ClInclude>
    <ClInclude Include="ExternalTools\Assimp\include\defs.h">
      <Filter>External Libraries\Assimp</Filter>
    </ClInclude>
    <ClInclude Include="ExternalTools\Assimp\include\Exceptional.h">
      <Filter>External Libraries\Assimp</Filter>
    </ClInclude>
    <ClInclude Include="ExternalTools\Assimp\include\Exporter.hpp">
      <Filter>External Libraries\Assimp</Filter>
    </ClInclude>
    <ClInclude Include="ExternalTools\Assimp\include\fast_atof.h">
      <Filter>External Libraries\Assimp</Filter>
    </ClInclude>
    <ClInclude Include="ExternalTools\Assimp\include\GenericProperty.h">
      <Filter>External Libraries\Assimp</Filter>
    </ClInclude>
    <ClInclude Include="ExternalTools\Assimp\include\Hash.h">
      <Filter>External Libraries\Assimp</Filter>
    </ClInclude>
    <ClInclude Include="ExternalTools\Assimp\include\Importer.hpp">
      <Filter>External Libraries\Assimp</Filter>
    </ClInclude>
    <ClInclude Include="ExternalTools\Assimp\include\importerdesc.h">
      <Filter>External Libraries\Assimp</Filter>
    </ClInclude>
    <ClInclude Include="ExternalTools\Assimp\include\IOStream.hpp">
      <Filter>External Libraries\Assimp</Filter>
    </ClInclude>
    <ClInclude Include="ExternalTools\Assimp\include\IOStreamBuffer.h">
      <Filter>External Libraries\Assimp</Filter>
    </ClInclude>
    <ClInclude Include="ExternalTools\Assimp\include\IOSystem.hpp">
      <Filter>External Libraries\Assimp</Filter>
    </ClInclude>
    <ClInclude Include="ExternalTools\Assimp\include\irrXMLWrapper.h">
      <Filter>External Libraries\Assimp</Filter>
    </ClInclude>
    <ClInclude Include="ExternalTools\Assimp\include\light.h">
      <Filter>External Libraries\Assimp</Filter>
    </ClInclude>
    <ClInclude Include="ExternalTools\Assimp\include\LineSplitter.h">
      <Filter>External Libraries\Assimp</Filter>
    </ClInclude>
    <ClInclude Include="ExternalTools\Assimp\include\LogAux.h">
      <Filter>External Libraries\Assimp</Filter>
    </ClInclude>
    <ClInclude Include="ExternalTools\Assimp\include\Logger.hpp">
      <Filter>External Libraries\Assimp</Filter>
    </ClInclude>
    <ClInclude Include="ExternalTools\Assimp\include\LogStream.hpp">
      <Filter>External Libraries\Assimp</Filter>
    </ClInclude>
    <ClInclude Include="ExternalTools\Assimp\include\Macros.h">
      <Filter>External Libraries\Assimp</Filter>
    </ClInclude>
    <ClInclude Include="ExternalTools\Assimp\include\material.h">
      <Filter>External Libraries\Assimp</Filter>
    </ClInclude>
    <ClInclude Include="ExternalTools\Assimp\include\MathFunctions.h">
      <Filter>External Libraries\Assimp</Filter>
    </ClInclude>
    <ClInclude Include="ExternalTools\Assimp\include\matrix3x3.h">
      <Filter>External Libraries\Assimp</Filter>
    </ClInclude>
    <ClInclude Include="ExternalTools\Assimp\include\matrix4x4.h">
      <Filter>External Libraries\Assimp</Filter>
    </ClInclude>
    <ClInclude Include="ExternalTools\Assimp\include\MemoryIOWrapper.h">
      <Filter>External Libraries\Assimp</Filter>
    </ClInclude>
    <ClInclude Include="ExternalTools\Assimp\include\mesh.h">
      <Filter>External Libraries\Assimp</Filter>
    </ClInclude>
    <ClInclude Include="ExternalTools\Assimp\include\metadata.h">
      <Filter>External Libraries\Assimp</Filter>
    </ClInclude>
    <ClInclude Include="ExternalTools\Assimp\include\NullLogger.hpp">
      <Filter>External Libraries\Assimp</Filter>
    </ClInclude>
    <ClInclude Include="ExternalTools\Assimp\include\ParsingUtils.h">
      <Filter>External Libraries\Assimp</Filter>
    </ClInclude>
    <ClInclude Include="ExternalTools\Assimp\include\pbrmaterial.h">
      <Filter>External Libraries\Assimp</Filter>
    </ClInclude>
    <ClInclude Include="ExternalTools\Assimp\include\postprocess.h">
      <Filter>External Libraries\Assimp</Filter>
    </ClInclude>
    <ClInclude Include="ExternalTools\Assimp\include\ProgressHandler.hpp">
      <Filter>External Libraries\Assimp</Filter>
    </ClInclude>
    <ClInclude Include="ExternalTools\Assimp\include\qnan.h">
      <Filter>External Libraries\Assimp</Filter>
    </ClInclude>
    <ClInclude Include="ExternalTools\Assimp\include\quaternion.h">
      <Filter>External Libraries\Assimp</Filter>
    </ClInclude>
    <ClInclude Include="ExternalTools\Assimp\include\RemoveComments.h">
      <Filter>External Libraries\Assimp</Filter>
    </ClInclude>
    <ClInclude Include="ExternalTools\Assimp\include\scene.h">
      <Filter>External Libraries\Assimp</Filter>
    </ClInclude>
    <ClInclude Include="ExternalTools\Assimp\include\SceneCombiner.h">
      <Filter>External Libraries\Assimp</Filter>
    </ClInclude>
    <ClInclude Include="ExternalTools\Assimp\include\SGSpatialSort.h">
      <Filter>External Libraries\Assimp</Filter>
    </ClInclude>
    <ClInclude Include="ExternalTools\Assimp\include\SkeletonMeshBuilder.h">
      <Filter>External Libraries\Assimp</Filter>
    </ClInclude>
    <ClInclude Include="ExternalTools\Assimp\include\SmoothingGroups.h">
      <Filter>External Libraries\Assimp</Filter>
    </ClInclude>
    <ClInclude Include="ExternalTools\Assimp\include\SpatialSort.h">
      <Filter>External Libraries\Assimp</Filter>
    </ClInclude>
    <ClInclude Include="ExternalTools\Assimp\include\StandardShapes.h">
      <Filter>External Libraries\Assimp</Filter>
    </ClInclude>
    <ClInclude Include="ExternalTools\Assimp\include\StreamReader.h">
      <Filter>External Libraries\Assimp</Filter>
    </ClInclude>
    <ClInclude Include="ExternalTools\Assimp\include\StreamWriter.h">
      <Filter>External Libraries\Assimp</Filter>
    </ClInclude>
    <ClInclude Include="ExternalTools\Assimp\include\StringComparison.h">
      <Filter>External Libraries\Assimp</Filter>
    </ClInclude>
    <ClInclude Include="ExternalTools\Assimp\include\StringUtils.h">
      <Filter>External Libraries\Assimp</Filter>
    </ClInclude>
    <ClInclude Include="ExternalTools\Assimp\include\Subdivision.h">
      <Filter>External Libraries\Assimp</Filter>
    </ClInclude>
    <ClInclude Include="ExternalTools\Assimp\include\texture.h">
      <Filter>External Libraries\Assimp</Filter>
    </ClInclude>
    <ClInclude Include="ExternalTools\Assimp\include\TinyFormatter.h">
      <Filter>External Libraries\Assimp</Filter>
    </ClInclude>
    <ClInclude Include="ExternalTools\Assimp\include\types.h">
      <Filter>External Libraries\Assimp</Filter>
    </ClInclude>
    <ClInclude Include="ExternalTools\Assimp\include\vector2.h">
      <Filter>External Libraries\Assimp</Filter>
    </ClInclude>
    <ClInclude Include="ExternalTools\Assimp\include\vector3.h">
      <Filter>External Libraries\Assimp</Filter>
    </ClInclude>
    <ClInclude Include="ExternalTools\Assimp\include\version.h">
      <Filter>External Libraries\Assimp</Filter>
    </ClInclude>
    <ClInclude Include="ExternalTools\Assimp\include\Vertex.h">
      <Filter>External Libraries\Assimp</Filter>
    </ClInclude>
    <ClInclude Include="ExternalTools\Assimp\include\XMLTools.h">
      <Filter>External Libraries\Assimp</Filter>
    </ClInclude>
    <ClInclude Include="ExternalTools\Assimp\include\ZipArchiveIOSystem.h">
      <Filter>External Libraries\Assimp</Filter>
    </ClInclude>
    <ClInclude Include="ExternalTools\Assimp\include\aabb.h">
      <Filter>External Libraries\Assimp</Filter>
    </ClInclude>
    <ClInclude Include="ExternalTools\Assimp\include\ai_assert.h">
      <Filter>External Libraries\Assimp</Filter>
    </ClInclude>
    <ClInclude Include="ExternalTools\Assimp\include\anim.h">
      <Filter>External Libraries\Assimp</Filter>
    </ClInclude>
    <ClInclude Include="ExternalTools\Assimp\include\BaseImporter.h">
      <Filter>External Libraries\Assimp</Filter>
    </ClInclude>
    <ClInclude Include="ExternalTools\Assimp\include\Compiler\pstdint.h">
      <Filter>External Libraries\Assimp\Compiler</Filter>
    </ClInclude>
    <ClInclude Include="ExternalTools\Assimp\include\Compiler\pushpack1.h">
      <Filter>External Libraries\Assimp\Compiler</Filter>
    </ClInclude>
    <ClInclude Include="ExternalTools\Assimp\include\Compiler\poppack1.h">
      <Filter>External Libraries\Assimp\Compiler</Filter>
    </ClInclude>
    <ClInclude Include="ExternalTools\mmgr\mmgr.h">
      <Filter>External Libraries\mmgr</Filter>
    </ClInclude>
    <ClInclude Include="ExternalTools\mmgr\nommgr.h">
      <Filter>External Libraries\mmgr</Filter>
    </ClInclude>
    <ClInclude Include="ExternalTools\Assimp\include\AssimpProfiler.h">
      <Filter>External Libraries\Assimp</Filter>
    </ClInclude>
    <ClInclude Include="ExternalTools\infoware-0.5.5\include\infoware\infoware.hpp">
      <Filter>External Libraries\infoware</Filter>
    </ClInclude>
    <ClInclude Include="ExternalTools\infoware-0.5.5\include\infoware\linkage.hpp">
      <Filter>External Libraries\infoware</Filter>
    </ClInclude>
    <ClInclude Include="ExternalTools\infoware-0.5.5\include\infoware\pci.hpp">
      <Filter>External Libraries\infoware</Filter>
    </ClInclude>
    <ClInclude Include="ExternalTools\infoware-0.5.5\include\infoware\system.hpp">
      <Filter>External Libraries\infoware</Filter>
    </ClInclude>
    <ClInclude Include="ExternalTools\infoware-0.5.5\include\infoware\version.hpp">
      <Filter>External Libraries\infoware</Filter>
    </ClInclude>
    <ClInclude Include="ExternalTools\infoware-0.5.5\include\infoware\cpu.hpp">
      <Filter>External Libraries\infoware</Filter>
    </ClInclude>
    <ClInclude Include="ExternalTools\infoware-0.5.5\include\infoware\gpu.hpp">
      <Filter>External Libraries\infoware</Filter>
    </ClInclude>
    <ClInclude Include="ExternalTools\infoware-0.5.5\include\infoware\detail\scope.hpp">
      <Filter>External Libraries\infoware\detail</Filter>
    </ClInclude>
    <ClInclude Include="ExternalTools\infoware-0.5.5\include\infoware\detail\sysctl.hpp">
      <Filter>External Libraries\infoware\detail</Filter>
    </ClInclude>
    <ClInclude Include="ExternalTools\infoware-0.5.5\include\infoware\detail\winstring.hpp">
      <Filter>External Libraries\infoware\detail</Filter>
    </ClInclude>
    <ClInclude Include="ExternalTools\infoware-0.5.5\include\infoware\detail\cpuid.hpp">
      <Filter>External Libraries\infoware\detail</Filter>
    </ClInclude>
    <ClInclude Include="ExternalTools\infoware-0.5.5\include\infoware\detail\memory.hpp">
      <Filter>External Libraries\infoware\detail</Filter>
    </ClInclude>
    <ClInclude Include="ExternalTools\ImGui\IconsFontAwesome5\IconsFontAwesome5Brands.h">
      <Filter>External Libraries\ImGui</Filter>
    </ClInclude>
    <ClInclude Include="ExternalTools\pugixml\pugixml.hpp">
      <Filter>External Libraries\pugixml</Filter>
    </ClInclude>
    <ClInclude Include="ExternalTools\pugixml\pugiconfig.hpp">
      <Filter>External Libraries\pugixml</Filter>
    </ClInclude>
    <ClInclude Include="ExternalTools\DevIL\include\IL\ilut.h">
      <Filter>External Libraries\DevIL</Filter>
    </ClInclude>
    <ClInclude Include="ExternalTools\DevIL\include\IL\ilut_config.h">
      <Filter>External Libraries\DevIL</Filter>
    </ClInclude>
    <ClInclude Include="ExternalTools\DevIL\include\IL\devil_cpp_wrapper.hpp">
      <Filter>External Libraries\DevIL</Filter>
    </ClInclude>
    <ClInclude Include="ExternalTools\DevIL\include\IL\devil_internal_exports.h">
      <Filter>External Libraries\DevIL</Filter>
    </ClInclude>
    <ClInclude Include="ExternalTools\DevIL\include\IL\il.h">
      <Filter>External Libraries\DevIL</Filter>
    </ClInclude>
    <ClInclude Include="ExternalTools\DevIL\include\IL\il_wrap.h">
      <Filter>External Libraries\DevIL</Filter>
    </ClInclude>
    <ClInclude Include="ExternalTools\DevIL\include\IL\ilu.h">
      <Filter>External Libraries\DevIL</Filter>
    </ClInclude>
    <ClInclude Include="ExternalTools\DevIL\include\IL\ilu_region.h">
      <Filter>External Libraries\DevIL</Filter>
    </ClInclude>
    <ClInclude Include="ExternalTools\MathGeoLib\include\Algorithm\GJK.h">
      <Filter>External Libraries\MathGeoLib\Algorithm</Filter>
    </ClInclude>
    <ClInclude Include="ExternalTools\MathGeoLib\include\Algorithm\GJK2D.h">
      <Filter>External Libraries\MathGeoLib\Algorithm</Filter>
    </ClInclude>
    <ClInclude Include="ExternalTools\MathGeoLib\include\Algorithm\SAT.h">
      <Filter>External Libraries\MathGeoLib\Algorithm</Filter>
    </ClInclude>
    <ClInclude Include="ExternalTools\MathGeoLib\include\Geometry\Triangle2D.h">
      <Filter>External Libraries\MathGeoLib\Geometry</Filter>
    </ClInclude>
    <ClInclude Include="ExternalTools\MathGeoLib\include\Geometry\TriangleMesh.h">
      <Filter>External Libraries\MathGeoLib\Geometry</Filter>
    </ClInclude>
    <ClInclude Include="ExternalTools\MathGeoLib\include\Geometry\AABB.h">
      <Filter>External Libraries\MathGeoLib\Geometry</Filter>
    </ClInclude>
    <ClInclude Include="ExternalTools\MathGeoLib\include\Geometry\AABB2D.h">
      <Filter>External Libraries\MathGeoLib\Geometry</Filter>
    </ClInclude>
    <ClInclude Include="ExternalTools\MathGeoLib\include\Geometry\Capsule.h">
      <Filter>External Libraries\MathGeoLib\Geometry</Filter>
    </ClInclude>
    <ClInclude Include="ExternalTools\MathGeoLib\include\Geometry\Circle.h">
      <Filter>External Libraries\MathGeoLib\Geometry</Filter>
    </ClInclude>
    <ClInclude Include="ExternalTools\MathGeoLib\include\Geometry\Circle2D.h">
      <Filter>External Libraries\MathGeoLib\Geometry</Filter>
    </ClInclude>
    <ClInclude Include="ExternalTools\MathGeoLib\include\Geometry\Frustum.h">
      <Filter>External Libraries\MathGeoLib\Geometry</Filter>
    </ClInclude>
    <ClInclude Include="ExternalTools\MathGeoLib\include\Geometry\GeometryAll.h">
      <Filter>External Libraries\MathGeoLib\Geometry</Filter>
    </ClInclude>
    <ClInclude Include="ExternalTools\MathGeoLib\include\Geometry\GeomType.h">
      <Filter>External Libraries\MathGeoLib\Geometry</Filter>
    </ClInclude>
    <ClInclude Include="ExternalTools\MathGeoLib\include\Geometry\HitInfo.h">
      <Filter>External Libraries\MathGeoLib\Geometry</Filter>
    </ClInclude>
    <ClInclude Include="ExternalTools\MathGeoLib\include\Geometry\KDTree.h">
      <Filter>External Libraries\MathGeoLib\Geometry</Filter>
    </ClInclude>
    <ClInclude Include="ExternalTools\MathGeoLib\include\Geometry\Line.h">
      <Filter>External Libraries\MathGeoLib\Geometry</Filter>
    </ClInclude>
    <ClInclude Include="ExternalTools\MathGeoLib\include\Geometry\LineSegment.h">
      <Filter>External Libraries\MathGeoLib\Geometry</Filter>
    </ClInclude>
    <ClInclude Include="ExternalTools\MathGeoLib\include\Geometry\LineSegment2D.h">
      <Filter>External Libraries\MathGeoLib\Geometry</Filter>
    </ClInclude>
    <ClInclude Include="ExternalTools\MathGeoLib\include\Geometry\OBB.h">
      <Filter>External Libraries\MathGeoLib\Geometry</Filter>
    </ClInclude>
    <ClInclude Include="ExternalTools\MathGeoLib\include\Geometry\OBB2D.h">
      <Filter>External Libraries\MathGeoLib\Geometry</Filter>
    </ClInclude>
    <ClInclude Include="ExternalTools\MathGeoLib\include\Geometry\PBVolume.h">
      <Filter>External Libraries\MathGeoLib\Geometry</Filter>
    </ClInclude>
    <ClInclude Include="ExternalTools\MathGeoLib\include\Geometry\Plane.h">
      <Filter>External Libraries\MathGeoLib\Geometry</Filter>
    </ClInclude>
    <ClInclude Include="ExternalTools\MathGeoLib\include\Geometry\Polygon.h">
      <Filter>External Libraries\MathGeoLib\Geometry</Filter>
    </ClInclude>
    <ClInclude Include="ExternalTools\MathGeoLib\include\Geometry\Polygon2DRef.h">
      <Filter>External Libraries\MathGeoLib\Geometry</Filter>
    </ClInclude>
    <ClInclude Include="ExternalTools\MathGeoLib\include\Geometry\Polyhedron.h">
      <Filter>External Libraries\MathGeoLib\Geometry</Filter>
    </ClInclude>
    <ClInclude Include="ExternalTools\MathGeoLib\include\Geometry\QuadTree.h">
      <Filter>External Libraries\MathGeoLib\Geometry</Filter>
    </ClInclude>
    <ClInclude Include="ExternalTools\MathGeoLib\include\Geometry\Ray.h">
      <Filter>External Libraries\MathGeoLib\Geometry</Filter>
    </ClInclude>
    <ClInclude Include="ExternalTools\MathGeoLib\include\Geometry\Sphere.h">
      <Filter>External Libraries\MathGeoLib\Geometry</Filter>
    </ClInclude>
    <ClInclude Include="ExternalTools\MathGeoLib\include\Geometry\Triangle.h">
      <Filter>External Libraries\MathGeoLib\Geometry</Filter>
    </ClInclude>
    <ClInclude Include="ExternalTools\MathGeoLib\include\Math\SSEMath.h">
      <Filter>External Libraries\MathGeoLib\Math</Filter>
    </ClInclude>
    <ClInclude Include="ExternalTools\MathGeoLib\include\Math\Swap.h">
      <Filter>External Libraries\MathGeoLib\Math</Filter>
    </ClInclude>
    <ClInclude Include="ExternalTools\MathGeoLib\include\Math\TransformOps.h">
      <Filter>External Libraries\MathGeoLib\Math</Filter>
    </ClInclude>
    <ClInclude Include="ExternalTools\MathGeoLib\include\Math\vec2d.h">
      <Filter>External Libraries\MathGeoLib\Math</Filter>
    </ClInclude>
    <ClInclude Include="ExternalTools\MathGeoLib\include\Math\assume.h">
      <Filter>External Libraries\MathGeoLib\Math</Filter>
    </ClInclude>
    <ClInclude Include="ExternalTools\MathGeoLib\include\Math\BitFuncs.h">
      <Filter>External Libraries\MathGeoLib\Math</Filter>
    </ClInclude>
    <ClInclude Include="ExternalTools\MathGeoLib\include\Math\BitOps.h">
      <Filter>External Libraries\MathGeoLib\Math</Filter>
    </ClInclude>
    <ClInclude Include="ExternalTools\MathGeoLib\include\Math\Callstack.h">
      <Filter>External Libraries\MathGeoLib\Math</Filter>
    </ClInclude>
    <ClInclude Include="ExternalTools\MathGeoLib\include\Math\FixedPoint.h">
      <Filter>External Libraries\MathGeoLib\Math</Filter>
    </ClInclude>
    <ClInclude Include="ExternalTools\MathGeoLib\include\Math\float2.h">
      <Filter>External Libraries\MathGeoLib\Math</Filter>
    </ClInclude>
    <ClInclude Include="ExternalTools\MathGeoLib\include\Math\float3.h">
      <Filter>External Libraries\MathGeoLib\Math</Filter>
    </ClInclude>
    <ClInclude Include="ExternalTools\MathGeoLib\include\Math\float3x3.h">
      <Filter>External Libraries\MathGeoLib\Math</Filter>
    </ClInclude>
    <ClInclude Include="ExternalTools\MathGeoLib\include\Math\float3x4.h">
      <Filter>External Libraries\MathGeoLib\Math</Filter>
    </ClInclude>
    <ClInclude Include="ExternalTools\MathGeoLib\include\Math\float4.h">
      <Filter>External Libraries\MathGeoLib\Math</Filter>
    </ClInclude>
    <ClInclude Include="ExternalTools\MathGeoLib\include\Math\float4_neon.h">
      <Filter>External Libraries\MathGeoLib\Math</Filter>
    </ClInclude>
    <ClInclude Include="ExternalTools\MathGeoLib\include\Math\float4_sse.h">
      <Filter>External Libraries\MathGeoLib\Math</Filter>
    </ClInclude>
    <ClInclude Include="ExternalTools\MathGeoLib\include\Math\float4d.h">
      <Filter>External Libraries\MathGeoLib\Math</Filter>
    </ClInclude>
    <ClInclude Include="ExternalTools\MathGeoLib\include\Math\float4x4.h">
      <Filter>External Libraries\MathGeoLib\Math</Filter>
    </ClInclude>
    <ClInclude Include="ExternalTools\MathGeoLib\include\Math\float4x4_neon.h">
      <Filter>External Libraries\MathGeoLib\Math</Filter>
    </ClInclude>
    <ClInclude Include="ExternalTools\MathGeoLib\include\Math\float4x4_sse.h">
      <Filter>External Libraries\MathGeoLib\Math</Filter>
    </ClInclude>
    <ClInclude Include="ExternalTools\MathGeoLib\include\Math\FloatCmp.h">
      <Filter>External Libraries\MathGeoLib\Math</Filter>
    </ClInclude>
    <ClInclude Include="ExternalTools\MathGeoLib\include\Math\grisu3.h">
      <Filter>External Libraries\MathGeoLib\Math</Filter>
    </ClInclude>
    <ClInclude Include="ExternalTools\MathGeoLib\include\Math\InclWindows.h">
      <Filter>External Libraries\MathGeoLib\Math</Filter>
    </ClInclude>
    <ClInclude Include="ExternalTools\MathGeoLib\include\Math\Interpolate.h">
      <Filter>External Libraries\MathGeoLib\Math</Filter>
    </ClInclude>
    <ClInclude Include="ExternalTools\MathGeoLib\include\Math\MathAll.h">
      <Filter>External Libraries\MathGeoLib\Math</Filter>
    </ClInclude>
    <ClInclude Include="ExternalTools\MathGeoLib\include\Math\MathConstants.h">
      <Filter>External Libraries\MathGeoLib\Math</Filter>
    </ClInclude>
    <ClInclude Include="ExternalTools\MathGeoLib\include\Math\MathFunc.h">
      <Filter>External Libraries\MathGeoLib\Math</Filter>
    </ClInclude>
    <ClInclude Include="ExternalTools\MathGeoLib\include\Math\MathLog.h">
      <Filter>External Libraries\MathGeoLib\Math</Filter>
    </ClInclude>
    <ClInclude Include="ExternalTools\MathGeoLib\include\Math\MathNamespace.h">
      <Filter>External Libraries\MathGeoLib\Math</Filter>
    </ClInclude>
    <ClInclude Include="ExternalTools\MathGeoLib\include\Math\MathTypes.h">
      <Filter>External Libraries\MathGeoLib\Math</Filter>
    </ClInclude>
    <ClInclude Include="ExternalTools\MathGeoLib\include\Math\MatrixProxy.h">
      <Filter>External Libraries\MathGeoLib\Math</Filter>
    </ClInclude>
    <ClInclude Include="ExternalTools\MathGeoLib\include\Math\MiniFloat.h">
      <Filter>External Libraries\MathGeoLib\Math</Filter>
    </ClInclude>
    <ClInclude Include="ExternalTools\MathGeoLib\include\Math\MultiLineMacro.h">
      <Filter>External Libraries\MathGeoLib\Math</Filter>
    </ClInclude>
    <ClInclude Include="ExternalTools\MathGeoLib\include\Math\myassert.h">
      <Filter>External Libraries\MathGeoLib\Math</Filter>
    </ClInclude>
    <ClInclude Include="ExternalTools\MathGeoLib\include\Math\Polynomial.h">
      <Filter>External Libraries\MathGeoLib\Math</Filter>
    </ClInclude>
    <ClInclude Include="ExternalTools\MathGeoLib\include\Math\Quat.h">
      <Filter>External Libraries\MathGeoLib\Math</Filter>
    </ClInclude>
    <ClInclude Include="ExternalTools\MathGeoLib\include\Math\quat_simd.h">
      <Filter>External Libraries\MathGeoLib\Math</Filter>
    </ClInclude>
    <ClInclude Include="ExternalTools\MathGeoLib\include\Math\Rect.h">
      <Filter>External Libraries\MathGeoLib\Math</Filter>
    </ClInclude>
    <ClInclude Include="ExternalTools\MathGeoLib\include\Math\Reinterpret.h">
      <Filter>External Libraries\MathGeoLib\Math</Filter>
    </ClInclude>
    <ClInclude Include="ExternalTools\MathGeoLib\include\Math\simd.h">
      <Filter>External Libraries\MathGeoLib\Math</Filter>
    </ClInclude>
    <ClInclude Include="ExternalTools\MathGeoLib\include\Math\sse_mathfun.h">
      <Filter>External Libraries\MathGeoLib\Math</Filter>
    </ClInclude>
    <ClInclude Include="ExternalTools\MathGeoLib\include\MathGeoLib.h">
      <Filter>External Libraries\MathGeoLib</Filter>
    </ClInclude>
    <ClInclude Include="ExternalTools\MathGeoLib\include\MathGeoLibFwd.h">
      <Filter>External Libraries\MathGeoLib</Filter>
    </ClInclude>
    <ClInclude Include="ExternalTools\MathGeoLib\include\MathBuildConfig.h">
      <Filter>External Libraries\MathGeoLib</Filter>
    </ClInclude>
    <ClInclude Include="ExternalTools\MathGeoLib\include\emscripten\library_system.h">
      <Filter>External Libraries\MathGeoLib\emscripten</Filter>
    </ClInclude>
    <ClInclude Include="ExternalTools\MathGeoLib\include\Algorithm\Random\LCG.h">
      <Filter>External Libraries\MathGeoLib\Algorithm</Filter>
    </ClInclude>
    <ClInclude Include="ExternalTools\MathGeoLib\include\Time\Clock.h">
      <Filter>External Libraries\MathGeoLib\Time</Filter>
    </ClInclude>
    <ClInclude Include="ExternalTools\base64\base64.h">
      <Filter>External Libraries\base64</Filter>
    </ClInclude>
    <ClInclude Include="ExternalTools\zlib\zlib_strings.h">
      <Filter>External Libraries\zlib</Filter>
    </ClInclude>
    <ClInclude Include="ExternalTools\zlib\zlib.h">
      <Filter>External Libraries\zlib</Filter>
    </ClInclude>
    <ClInclude Include="ExternalTools\zlib\zconf.h">
      <Filter>External Libraries\zlib</Filter>
    </ClInclude>
    <ClInclude Include="ExternalTools\zlib\inffast.h">
      <Filter>External Libraries\zlib\dependencies</Filter>
    </ClInclude>
    <ClInclude Include="ExternalTools\zlib\inffixed.h">
      <Filter>External Libraries\zlib\dependencies</Filter>
    </ClInclude>
    <ClInclude Include="ExternalTools\zlib\inflate.h">
      <Filter>External Libraries\zlib\dependencies</Filter>
    </ClInclude>
    <ClInclude Include="ExternalTools\zlib\inftrees.h">
      <Filter>External Libraries\zlib\dependencies</Filter>
    </ClInclude>
    <ClInclude Include="ExternalTools\zlib\trees.h">
      <Filter>External Libraries\zlib\dependencies</Filter>
    </ClInclude>
    <ClInclude Include="ExternalTools\zlib\zutil.h">
      <Filter>External Libraries\zlib\dependencies</Filter>
    </ClInclude>
    <ClInclude Include="ExternalTools\zlib\crc32.h">
      <Filter>External Libraries\zlib\dependencies</Filter>
    </ClInclude>
    <ClInclude Include="ExternalTools\zlib\deflate.h">
      <Filter>External Libraries\zlib\dependencies</Filter>
    </ClInclude>
    <ClInclude Include="ExternalTools\zlib\gzguts.h">
      <Filter>External Libraries\zlib\dependencies</Filter>
    </ClInclude>
    <ClInclude Include="ExternalTools\imgui_markdown\imgui_markdown.h">
      <Filter>External Libraries\ImGui\markdown</Filter>
    </ClInclude>
    <ClInclude Include="Resources\Base\Resource.h" />
    <ClInclude Include="Resources\r1Map.h" />
    <ClInclude Include="Resources\r1Mesh.h" />
    <ClInclude Include="Resources\r1Model.h" />
    <ClInclude Include="Resources\r1Shader.h" />
    <ClInclude Include="Resources\r1Texture.h" />
    <ClInclude Include="Resources\r1Tileset.h" />
    <ClInclude Include="Tools\DebugVars.h" />
    <ClInclude Include="Tools\FileSystem.h" />
    <ClInclude Include="Tools\FileWatch.h" />
    <ClInclude Include="Tools\Importers\Base\Importer.h" />
    <ClInclude Include="Tools\Importers\i1Model.h" />
    <ClInclude Include="Tools\Importers\i1Tileset.h" />
    <ClInclude Include="Tools\Map\MapLayer.h" />
    <ClInclude Include="Tools\Map\Properties.h" />
    <ClInclude Include="Tools\Math\int2.h" />
    <ClInclude Include="Tools\Math\Random.h" />
    <ClInclude Include="Tools\OpenGL\Buffer.h" />
    <ClInclude Include="Tools\OpenGL\OpenGLHelper.h" />
    <ClInclude Include="Tools\OpenGL\Viewport.h" />
    <ClInclude Include="Tools\System\Logger.h" />
    <ClInclude Include="Tools\System\OSUtils.h" />
    <ClInclude Include="Tools\System\Profiler.h" />
    <ClInclude Include="Tools\System\SystemInfo.h" />
    <ClInclude Include="Tools\Timer.h" />
    <ClInclude Include="Tools\TypeVar.h" />
    <ClInclude Include="Core\Application.h" />
    <ClInclude Include="Core\Globals.h" />
    <ClInclude Include="Modules\Base\Module.h" />
    <ClInclude Include="Modules\m1Camera3D.h" />
    <ClInclude Include="Modules\m1Events.h" />
    <ClInclude Include="Modules\m1GUI.h" />
    <ClInclude Include="Modules\m1Importer.h" />
    <ClInclude Include="Modules\m1Input.h" />
    <ClInclude Include="Modules\m1MapEditor.h" />
    <ClInclude Include="Modules\m1Objects.h" />
    <ClInclude Include="Modules\m1Render3D.h" />
    <ClInclude Include="Modules\m1Resources.h" />
    <ClInclude Include="Modules\m1Scene.h" />
    <ClInclude Include="Modules\m1Window.h" />
    <ClInclude Include="Objects\Components\Base\Component.h" />
    <ClInclude Include="Objects\Components\c1Material.h" />
    <ClInclude Include="Objects\Components\c1Mesh.h" />
    <ClInclude Include="Objects\Components\c1Transform.h" />
    <ClInclude Include="Objects\Object.h" />
    <ClInclude Include="Panels\Base\Panel.h" />
    <ClInclude Include="Panels\p1About.h" />
    <ClInclude Include="Panels\p1Configuration.h" />
    <ClInclude Include="Panels\p1Console.h" />
    <ClInclude Include="Panels\p1DebugResources.h" />
    <ClInclude Include="Panels\p1Inspector.h" />
    <ClInclude Include="Panels\p1Layers.h" />
    <ClInclude Include="Panels\p1Objects.h" />
    <ClInclude Include="Panels\p1Resources.h" />
    <ClInclude Include="Panels\p1Scene.h" />
    <ClInclude Include="Panels\p1Tileset.h" />
    <ClInclude Include="Panels\p1Tools.h" />
  </ItemGroup>
  <ItemGroup>
    <None Include="ExternalTools\Assimp\include\color4.inl">
      <Filter>External Libraries\Assimp</Filter>
    </None>
    <None Include="ExternalTools\Assimp\include\material.inl">
      <Filter>External Libraries\Assimp</Filter>
    </None>
    <None Include="ExternalTools\Assimp\include\matrix3x3.inl">
      <Filter>External Libraries\Assimp</Filter>
    </None>
    <None Include="ExternalTools\Assimp\include\matrix4x4.inl">
      <Filter>External Libraries\Assimp</Filter>
    </None>
    <None Include="ExternalTools\Assimp\include\quaternion.inl">
      <Filter>External Libraries\Assimp</Filter>
    </None>
    <None Include="ExternalTools\Assimp\include\SmoothingGroups.inl">
      <Filter>External Libraries\Assimp</Filter>
    </None>
    <None Include="ExternalTools\Assimp\include\vector2.inl">
      <Filter>External Libraries\Assimp</Filter>
    </None>
    <None Include="ExternalTools\Assimp\include\vector3.inl">
      <Filter>External Libraries\Assimp</Filter>
    </None>
    <None Include="ExternalTools\MathGeoLib\include\Geometry\KDTree.inl">
      <Filter>External Libraries\MathGeoLib\Geometry</Filter>
    </None>
    <None Include="ExternalTools\MathGeoLib\include\Geometry\QuadTree.inl">
      <Filter>External Libraries\MathGeoLib\Geometry</Filter>
    </None>
    <None Include="ExternalTools\MathGeoLib\include\Math\float2.inl">
      <Filter>External Libraries\MathGeoLib\Math</Filter>
    </None>
    <None Include="ExternalTools\MathGeoLib\include\Math\Matrix.inl">
      <Filter>External Libraries\MathGeoLib\Math</Filter>
    </None>
    <None Include="ExternalTools\MathGeoLib\include\emscripten\library_system.js">
      <Filter>External Libraries\MathGeoLib\emscripten</Filter>
    </None>
  </ItemGroup>
  <ItemGroup>
    <Image Include="Assets\icon.ico">
      <Filter>icon</Filter>
    </Image>
  </ItemGroup>
</Project>