<?xml version="1.0" encoding="utf-8"?>
<Project ToolsVersion="4.0" xmlns="http://schemas.microsoft.com/developer/msbuild/2003">
  <ItemGroup>
    <Filter Include="External Libraries">
      <UniqueIdentifier>{c7526e43-04e5-40dc-9d20-468be89367fa}</UniqueIdentifier>
    </Filter>
    <Filter Include="External Libraries\SDL">
      <UniqueIdentifier>{abf5ab7a-2217-4375-a54d-a5a2328a3dce}</UniqueIdentifier>
    </Filter>
    <Filter Include="External Libraries\GLEW">
      <UniqueIdentifier>{8f238403-90bd-471a-90ea-9dc70688168d}</UniqueIdentifier>
    </Filter>
    <Filter Include="Tools">
      <UniqueIdentifier>{1a294cdd-1603-4ed1-a3d5-943fe0834c0f}</UniqueIdentifier>
    </Filter>
    <Filter Include="Core">
      <UniqueIdentifier>{ba856a16-db0a-49aa-843a-2e19b4002571}</UniqueIdentifier>
    </Filter>
    <Filter Include="Modules">
      <UniqueIdentifier>{2cbbed58-6643-4f37-9006-0152bdab51a7}</UniqueIdentifier>
    </Filter>
    <Filter Include="External Libraries\mmgr">
      <UniqueIdentifier>{a081971f-893f-432e-8415-745111e7098e}</UniqueIdentifier>
    </Filter>
    <Filter Include="Modules\Base">
      <UniqueIdentifier>{47a7984a-abae-4732-a8ee-64a47d36dc7d}</UniqueIdentifier>
    </Filter>
    <Filter Include="External Libraries\ImGui">
      <UniqueIdentifier>{2a4e7e08-f725-4e7b-98e6-8db7ad4b0654}</UniqueIdentifier>
    </Filter>
    <Filter Include="External Libraries\JSON">
      <UniqueIdentifier>{497a668f-0dfc-4512-83c3-87fba11784cd}</UniqueIdentifier>
    </Filter>
    <Filter Include="Objects">
      <UniqueIdentifier>{2cc1c0c0-4769-450f-85b7-1615ab842389}</UniqueIdentifier>
    </Filter>
    <Filter Include="External Libraries\MathGeoLib">
      <UniqueIdentifier>{16b3a035-6901-4825-aef7-000a0c91d17a}</UniqueIdentifier>
    </Filter>
    <Filter Include="External Libraries\MathGeoLib\Algorithm">
      <UniqueIdentifier>{2b327165-dce6-4a08-8158-9d2676001b06}</UniqueIdentifier>
    </Filter>
    <Filter Include="External Libraries\MathGeoLib\Geometry">
      <UniqueIdentifier>{20de4517-daff-4011-aa75-4f19320366bd}</UniqueIdentifier>
    </Filter>
    <Filter Include="External Libraries\MathGeoLib\Math">
      <UniqueIdentifier>{2fb75cb8-85c4-49cc-b14e-e3dd3e68274f}</UniqueIdentifier>
    </Filter>
    <Filter Include="External Libraries\MathGeoLib\Time">
      <UniqueIdentifier>{a5d07728-5e38-4863-a847-87da69371b01}</UniqueIdentifier>
    </Filter>
    <Filter Include="Objects\Components">
      <UniqueIdentifier>{8d663690-a0ad-482a-8b15-630aed2cb3f9}</UniqueIdentifier>
    </Filter>
    <Filter Include="Resources">
      <UniqueIdentifier>{bdde4592-aa98-4517-8e8a-402797800f85}</UniqueIdentifier>
    </Filter>
    <Filter Include="Panels">
      <UniqueIdentifier>{eed09a86-f6d7-412b-9568-ca65244e1349}</UniqueIdentifier>
    </Filter>
    <Filter Include="Panels\Base">
      <UniqueIdentifier>{fd60fadd-e751-462d-9d64-d2b607847417}</UniqueIdentifier>
    </Filter>
    <Filter Include="Objects\Components\Base">
      <UniqueIdentifier>{befdd797-eb9c-48ed-b706-c01063fdc57f}</UniqueIdentifier>
    </Filter>
    <Filter Include="Resources\Base">
      <UniqueIdentifier>{5135db9f-dce3-4697-97b0-86cd1d1f1d2f}</UniqueIdentifier>
    </Filter>
    <Filter Include="External Libraries\PCG">
      <UniqueIdentifier>{20812aeb-e39a-4974-aac5-8fbdd5403fb6}</UniqueIdentifier>
    </Filter>
    <Filter Include="Tools\Importers">
      <UniqueIdentifier>{fad32fa3-c10b-49a2-b0cc-e9c638840fb1}</UniqueIdentifier>
    </Filter>
    <Filter Include="Tools\Importers\Base">
      <UniqueIdentifier>{48c15540-8334-4e79-9177-d7bc760d05f0}</UniqueIdentifier>
    </Filter>
    <Filter Include="External Libraries\Assimp">
      <UniqueIdentifier>{399e8622-25d7-4611-a05f-8f4a07d5d468}</UniqueIdentifier>
    </Filter>
    <Filter Include="External Libraries\Assimp\Compiler">
      <UniqueIdentifier>{6d061906-6aa4-41e6-8a01-bcca51bdfde3}</UniqueIdentifier>
    </Filter>
  </ItemGroup>
  <ItemGroup>
    <ClCompile Include="Logger.cpp">
      <Filter>Tools</Filter>
    </ClCompile>
    <ClCompile Include="Main.cpp">
      <Filter>Core</Filter>
    </ClCompile>
    <ClCompile Include="Application.cpp">
      <Filter>Core</Filter>
    </ClCompile>
    <ClCompile Include="ExternalTools\mmgr\mmgr.cpp">
      <Filter>External Libraries\mmgr</Filter>
    </ClCompile>
    <ClCompile Include="Module.cpp">
      <Filter>Modules\Base</Filter>
    </ClCompile>
    <ClCompile Include="m1Window.cpp">
      <Filter>Modules</Filter>
    </ClCompile>
    <ClCompile Include="m1Render3D.cpp">
      <Filter>Modules</Filter>
    </ClCompile>
    <ClCompile Include="m1Input.cpp">
      <Filter>Modules</Filter>
    </ClCompile>
    <ClCompile Include="m1Scene.cpp">
      <Filter>Modules</Filter>
    </ClCompile>
    <ClCompile Include="m1GUI.cpp">
      <Filter>Modules</Filter>
    </ClCompile>
    <ClCompile Include="FileSystem.cpp">
      <Filter>Tools</Filter>
    </ClCompile>
    <ClCompile Include="ExternalTools\MathGeoLib\include\Algorithm\Random\LCG.cpp">
      <Filter>External Libraries\MathGeoLib\Algorithm</Filter>
    </ClCompile>
    <ClCompile Include="ExternalTools\MathGeoLib\include\Geometry\Line.cpp">
      <Filter>External Libraries\MathGeoLib\Geometry</Filter>
    </ClCompile>
    <ClCompile Include="ExternalTools\MathGeoLib\include\Geometry\LineSegment.cpp">
      <Filter>External Libraries\MathGeoLib\Geometry</Filter>
    </ClCompile>
    <ClCompile Include="ExternalTools\MathGeoLib\include\Geometry\OBB.cpp">
      <Filter>External Libraries\MathGeoLib\Geometry</Filter>
    </ClCompile>
    <ClCompile Include="ExternalTools\MathGeoLib\include\Geometry\Plane.cpp">
      <Filter>External Libraries\MathGeoLib\Geometry</Filter>
    </ClCompile>
    <ClCompile Include="ExternalTools\MathGeoLib\include\Geometry\Polygon.cpp">
      <Filter>External Libraries\MathGeoLib\Geometry</Filter>
    </ClCompile>
    <ClCompile Include="ExternalTools\MathGeoLib\include\Geometry\Polyhedron.cpp">
      <Filter>External Libraries\MathGeoLib\Geometry</Filter>
    </ClCompile>
    <ClCompile Include="ExternalTools\MathGeoLib\include\Geometry\Ray.cpp">
      <Filter>External Libraries\MathGeoLib\Geometry</Filter>
    </ClCompile>
    <ClCompile Include="ExternalTools\MathGeoLib\include\Geometry\Sphere.cpp">
      <Filter>External Libraries\MathGeoLib\Geometry</Filter>
    </ClCompile>
    <ClCompile Include="ExternalTools\MathGeoLib\include\Geometry\Triangle.cpp">
      <Filter>External Libraries\MathGeoLib\Geometry</Filter>
    </ClCompile>
    <ClCompile Include="ExternalTools\MathGeoLib\include\Geometry\TriangleMesh.cpp">
      <Filter>External Libraries\MathGeoLib\Geometry</Filter>
    </ClCompile>
    <ClCompile Include="ExternalTools\MathGeoLib\include\Geometry\AABB.cpp">
      <Filter>External Libraries\MathGeoLib\Geometry</Filter>
    </ClCompile>
    <ClCompile Include="ExternalTools\MathGeoLib\include\Geometry\Capsule.cpp">
      <Filter>External Libraries\MathGeoLib\Geometry</Filter>
    </ClCompile>
    <ClCompile Include="ExternalTools\MathGeoLib\include\Geometry\Circle.cpp">
      <Filter>External Libraries\MathGeoLib\Geometry</Filter>
    </ClCompile>
    <ClCompile Include="ExternalTools\MathGeoLib\include\Geometry\Cone.cpp">
      <Filter>External Libraries\MathGeoLib\Geometry</Filter>
    </ClCompile>
    <ClCompile Include="ExternalTools\MathGeoLib\include\Geometry\Cylinder.cpp">
      <Filter>External Libraries\MathGeoLib\Geometry</Filter>
    </ClCompile>
    <ClCompile Include="ExternalTools\MathGeoLib\include\Geometry\Frustum.cpp">
      <Filter>External Libraries\MathGeoLib\Geometry</Filter>
    </ClCompile>
    <ClCompile Include="ExternalTools\MathGeoLib\include\Math\float2.cpp">
      <Filter>External Libraries\MathGeoLib\Math</Filter>
    </ClCompile>
    <ClCompile Include="ExternalTools\MathGeoLib\include\Math\float3.cpp">
      <Filter>External Libraries\MathGeoLib\Math</Filter>
    </ClCompile>
    <ClCompile Include="ExternalTools\MathGeoLib\include\Math\float3x3.cpp">
      <Filter>External Libraries\MathGeoLib\Math</Filter>
    </ClCompile>
    <ClCompile Include="ExternalTools\MathGeoLib\include\Math\float3x4.cpp">
      <Filter>External Libraries\MathGeoLib\Math</Filter>
    </ClCompile>
    <ClCompile Include="ExternalTools\MathGeoLib\include\Math\float4.cpp">
      <Filter>External Libraries\MathGeoLib\Math</Filter>
    </ClCompile>
    <ClCompile Include="ExternalTools\MathGeoLib\include\Math\float4x4.cpp">
      <Filter>External Libraries\MathGeoLib\Math</Filter>
    </ClCompile>
    <ClCompile Include="ExternalTools\MathGeoLib\include\Math\MathFunc.cpp">
      <Filter>External Libraries\MathGeoLib\Math</Filter>
    </ClCompile>
    <ClCompile Include="ExternalTools\MathGeoLib\include\Math\MathLog.cpp">
      <Filter>External Libraries\MathGeoLib\Math</Filter>
    </ClCompile>
    <ClCompile Include="ExternalTools\MathGeoLib\include\Math\MathOps.cpp">
      <Filter>External Libraries\MathGeoLib\Math</Filter>
    </ClCompile>
    <ClCompile Include="ExternalTools\MathGeoLib\include\Math\Polynomial.cpp">
      <Filter>External Libraries\MathGeoLib\Math</Filter>
    </ClCompile>
    <ClCompile Include="ExternalTools\MathGeoLib\include\Math\Quat.cpp">
      <Filter>External Libraries\MathGeoLib\Math</Filter>
    </ClCompile>
    <ClCompile Include="ExternalTools\MathGeoLib\include\Math\SSEMath.cpp">
      <Filter>External Libraries\MathGeoLib\Math</Filter>
    </ClCompile>
    <ClCompile Include="ExternalTools\MathGeoLib\include\Math\TransformOps.cpp">
      <Filter>External Libraries\MathGeoLib\Math</Filter>
    </ClCompile>
    <ClCompile Include="ExternalTools\MathGeoLib\include\Math\BitOps.cpp">
      <Filter>External Libraries\MathGeoLib\Math</Filter>
    </ClCompile>
    <ClCompile Include="ExternalTools\MathGeoLib\include\Time\Clock.cpp">
      <Filter>External Libraries\MathGeoLib\Time</Filter>
    </ClCompile>
    <ClCompile Include="m1Camera3D.cpp">
      <Filter>Modules</Filter>
    </ClCompile>
    <ClCompile Include="m1Objects.cpp">
      <Filter>Modules</Filter>
    </ClCompile>
    <ClCompile Include="Panel.cpp">
      <Filter>Panels\Base</Filter>
    </ClCompile>
    <ClCompile Include="p1Configuration.cpp">
      <Filter>Panels</Filter>
    </ClCompile>
    <ClCompile Include="p1About.cpp">
      <Filter>Panels</Filter>
    </ClCompile>
    <ClCompile Include="ExternalTools\ImGui\imgui_widgets.cpp">
      <Filter>External Libraries\ImGui</Filter>
    </ClCompile>
    <ClCompile Include="ExternalTools\ImGui\imgui.cpp">
      <Filter>External Libraries\ImGui</Filter>
    </ClCompile>
    <ClCompile Include="ExternalTools\ImGui\imgui_demo.cpp">
      <Filter>External Libraries\ImGui</Filter>
    </ClCompile>
    <ClCompile Include="ExternalTools\ImGui\imgui_draw.cpp">
      <Filter>External Libraries\ImGui</Filter>
    </ClCompile>
    <ClCompile Include="ExternalTools\ImGui\imgui_impl_opengl3.cpp">
      <Filter>External Libraries\ImGui</Filter>
    </ClCompile>
    <ClCompile Include="ExternalTools\ImGui\imgui_impl_sdl.cpp">
      <Filter>External Libraries\ImGui</Filter>
    </ClCompile>
    <ClCompile Include="c1Mesh.cpp">
      <Filter>Objects\Components</Filter>
    </ClCompile>
    <ClCompile Include="c1Transform.cpp">
      <Filter>Objects\Components</Filter>
    </ClCompile>
    <ClCompile Include="c1Material.cpp">
      <Filter>Objects\Components</Filter>
    </ClCompile>
    <ClCompile Include="Component.cpp">
      <Filter>Objects\Components\Base</Filter>
    </ClCompile>
    <ClCompile Include="Object.cpp">
      <Filter>Objects</Filter>
    </ClCompile>
    <ClCompile Include="Resource.cpp">
      <Filter>Resources\Base</Filter>
    </ClCompile>
    <ClCompile Include="m1Resources.cpp">
      <Filter>Modules</Filter>
    </ClCompile>
    <ClCompile Include="r1Shader.cpp">
      <Filter>Resources</Filter>
    </ClCompile>
    <ClCompile Include="Random.cpp">
      <Filter>Tools</Filter>
    </ClCompile>
    <ClCompile Include="m1Importer.cpp">
      <Filter>Modules</Filter>
    </ClCompile>
    <ClCompile Include="Importer.cpp">
      <Filter>Tools\Importers\Base</Filter>
    </ClCompile>
    <ClCompile Include="i1Tileset.cpp">
      <Filter>Tools\Importers</Filter>
    </ClCompile>
    <ClCompile Include="r1Mesh.cpp">
      <Filter>Resources</Filter>
    </ClCompile>
    <ClCompile Include="i1Model.cpp">
      <Filter>Tools\Importers</Filter>
    </ClCompile>
    <ClCompile Include="r1Model.cpp">
      <Filter>Resources</Filter>
    </ClCompile>
    <ClCompile Include="r1Texture.cpp">
      <Filter>Resources</Filter>
    </ClCompile>
    <ClCompile Include="p1Objects.cpp">
      <Filter>Panels</Filter>
    </ClCompile>
    <ClCompile Include="p1Inspector.cpp">
      <Filter>Panels</Filter>
    </ClCompile>
    <ClCompile Include="p1Console.cpp">
      <Filter>Panels</Filter>
    </ClCompile>
    <ClCompile Include="p1Scene.cpp">
      <Filter>Panels</Filter>
    </ClCompile>
    <ClCompile Include="p1Resources.cpp" />
  </ItemGroup>
  <ItemGroup>
    <ClInclude Include="ExternalTools\SDL2\include\begin_code.h">
      <Filter>External Libraries\SDL</Filter>
    </ClInclude>
    <ClInclude Include="ExternalTools\SDL2\include\close_code.h">
      <Filter>External Libraries\SDL</Filter>
    </ClInclude>
    <ClInclude Include="ExternalTools\SDL2\include\SDL.h">
      <Filter>External Libraries\SDL</Filter>
    </ClInclude>
    <ClInclude Include="ExternalTools\SDL2\include\SDL_assert.h">
      <Filter>External Libraries\SDL</Filter>
    </ClInclude>
    <ClInclude Include="ExternalTools\SDL2\include\SDL_atomic.h">
      <Filter>External Libraries\SDL</Filter>
    </ClInclude>
    <ClInclude Include="ExternalTools\SDL2\include\SDL_audio.h">
      <Filter>External Libraries\SDL</Filter>
    </ClInclude>
    <ClInclude Include="ExternalTools\SDL2\include\SDL_bits.h">
      <Filter>External Libraries\SDL</Filter>
    </ClInclude>
    <ClInclude Include="ExternalTools\SDL2\include\SDL_blendmode.h">
      <Filter>External Libraries\SDL</Filter>
    </ClInclude>
    <ClInclude Include="ExternalTools\SDL2\include\SDL_clipboard.h">
      <Filter>External Libraries\SDL</Filter>
    </ClInclude>
    <ClInclude Include="ExternalTools\SDL2\include\SDL_config.h">
      <Filter>External Libraries\SDL</Filter>
    </ClInclude>
    <ClInclude Include="ExternalTools\SDL2\include\SDL_config_android.h">
      <Filter>External Libraries\SDL</Filter>
    </ClInclude>
    <ClInclude Include="ExternalTools\SDL2\include\SDL_config_iphoneos.h">
      <Filter>External Libraries\SDL</Filter>
    </ClInclude>
    <ClInclude Include="ExternalTools\SDL2\include\SDL_config_macosx.h">
      <Filter>External Libraries\SDL</Filter>
    </ClInclude>
    <ClInclude Include="ExternalTools\SDL2\include\SDL_config_minimal.h">
      <Filter>External Libraries\SDL</Filter>
    </ClInclude>
    <ClInclude Include="ExternalTools\SDL2\include\SDL_config_pandora.h">
      <Filter>External Libraries\SDL</Filter>
    </ClInclude>
    <ClInclude Include="ExternalTools\SDL2\include\SDL_config_psp.h">
      <Filter>External Libraries\SDL</Filter>
    </ClInclude>
    <ClInclude Include="ExternalTools\SDL2\include\SDL_config_windows.h">
      <Filter>External Libraries\SDL</Filter>
    </ClInclude>
    <ClInclude Include="ExternalTools\SDL2\include\SDL_config_winrt.h">
      <Filter>External Libraries\SDL</Filter>
    </ClInclude>
    <ClInclude Include="ExternalTools\SDL2\include\SDL_config_wiz.h">
      <Filter>External Libraries\SDL</Filter>
    </ClInclude>
    <ClInclude Include="ExternalTools\SDL2\include\SDL_copying.h">
      <Filter>External Libraries\SDL</Filter>
    </ClInclude>
    <ClInclude Include="ExternalTools\SDL2\include\SDL_cpuinfo.h">
      <Filter>External Libraries\SDL</Filter>
    </ClInclude>
    <ClInclude Include="ExternalTools\SDL2\include\SDL_egl.h">
      <Filter>External Libraries\SDL</Filter>
    </ClInclude>
    <ClInclude Include="ExternalTools\SDL2\include\SDL_endian.h">
      <Filter>External Libraries\SDL</Filter>
    </ClInclude>
    <ClInclude Include="ExternalTools\SDL2\include\SDL_error.h">
      <Filter>External Libraries\SDL</Filter>
    </ClInclude>
    <ClInclude Include="ExternalTools\SDL2\include\SDL_events.h">
      <Filter>External Libraries\SDL</Filter>
    </ClInclude>
    <ClInclude Include="ExternalTools\SDL2\include\SDL_filesystem.h">
      <Filter>External Libraries\SDL</Filter>
    </ClInclude>
    <ClInclude Include="ExternalTools\SDL2\include\SDL_gamecontroller.h">
      <Filter>External Libraries\SDL</Filter>
    </ClInclude>
    <ClInclude Include="ExternalTools\SDL2\include\SDL_gesture.h">
      <Filter>External Libraries\SDL</Filter>
    </ClInclude>
    <ClInclude Include="ExternalTools\SDL2\include\SDL_haptic.h">
      <Filter>External Libraries\SDL</Filter>
    </ClInclude>
    <ClInclude Include="ExternalTools\SDL2\include\SDL_hints.h">
      <Filter>External Libraries\SDL</Filter>
    </ClInclude>
    <ClInclude Include="ExternalTools\SDL2\include\SDL_joystick.h">
      <Filter>External Libraries\SDL</Filter>
    </ClInclude>
    <ClInclude Include="ExternalTools\SDL2\include\SDL_keyboard.h">
      <Filter>External Libraries\SDL</Filter>
    </ClInclude>
    <ClInclude Include="ExternalTools\SDL2\include\SDL_keycode.h">
      <Filter>External Libraries\SDL</Filter>
    </ClInclude>
    <ClInclude Include="ExternalTools\SDL2\include\SDL_loadso.h">
      <Filter>External Libraries\SDL</Filter>
    </ClInclude>
    <ClInclude Include="ExternalTools\SDL2\include\SDL_log.h">
      <Filter>External Libraries\SDL</Filter>
    </ClInclude>
    <ClInclude Include="ExternalTools\SDL2\include\SDL_main.h">
      <Filter>External Libraries\SDL</Filter>
    </ClInclude>
    <ClInclude Include="ExternalTools\SDL2\include\SDL_messagebox.h">
      <Filter>External Libraries\SDL</Filter>
    </ClInclude>
    <ClInclude Include="ExternalTools\SDL2\include\SDL_metal.h">
      <Filter>External Libraries\SDL</Filter>
    </ClInclude>
    <ClInclude Include="ExternalTools\SDL2\include\SDL_mouse.h">
      <Filter>External Libraries\SDL</Filter>
    </ClInclude>
    <ClInclude Include="ExternalTools\SDL2\include\SDL_mutex.h">
      <Filter>External Libraries\SDL</Filter>
    </ClInclude>
    <ClInclude Include="ExternalTools\SDL2\include\SDL_name.h">
      <Filter>External Libraries\SDL</Filter>
    </ClInclude>
    <ClInclude Include="ExternalTools\SDL2\include\SDL_opengl.h">
      <Filter>External Libraries\SDL</Filter>
    </ClInclude>
    <ClInclude Include="ExternalTools\SDL2\include\SDL_opengles.h">
      <Filter>External Libraries\SDL</Filter>
    </ClInclude>
    <ClInclude Include="ExternalTools\SDL2\include\SDL_opengles2.h">
      <Filter>External Libraries\SDL</Filter>
    </ClInclude>
    <ClInclude Include="ExternalTools\SDL2\include\SDL_opengles2_gl2.h">
      <Filter>External Libraries\SDL</Filter>
    </ClInclude>
    <ClInclude Include="ExternalTools\SDL2\include\SDL_opengles2_gl2ext.h">
      <Filter>External Libraries\SDL</Filter>
    </ClInclude>
    <ClInclude Include="ExternalTools\SDL2\include\SDL_opengles2_gl2platform.h">
      <Filter>External Libraries\SDL</Filter>
    </ClInclude>
    <ClInclude Include="ExternalTools\SDL2\include\SDL_opengles2_khrplatform.h">
      <Filter>External Libraries\SDL</Filter>
    </ClInclude>
    <ClInclude Include="ExternalTools\SDL2\include\SDL_opengl_glext.h">
      <Filter>External Libraries\SDL</Filter>
    </ClInclude>
    <ClInclude Include="ExternalTools\SDL2\include\SDL_pixels.h">
      <Filter>External Libraries\SDL</Filter>
    </ClInclude>
    <ClInclude Include="ExternalTools\SDL2\include\SDL_platform.h">
      <Filter>External Libraries\SDL</Filter>
    </ClInclude>
    <ClInclude Include="ExternalTools\SDL2\include\SDL_power.h">
      <Filter>External Libraries\SDL</Filter>
    </ClInclude>
    <ClInclude Include="ExternalTools\SDL2\include\SDL_quit.h">
      <Filter>External Libraries\SDL</Filter>
    </ClInclude>
    <ClInclude Include="ExternalTools\SDL2\include\SDL_rect.h">
      <Filter>External Libraries\SDL</Filter>
    </ClInclude>
    <ClInclude Include="ExternalTools\SDL2\include\SDL_render.h">
      <Filter>External Libraries\SDL</Filter>
    </ClInclude>
    <ClInclude Include="ExternalTools\SDL2\include\SDL_revision.h">
      <Filter>External Libraries\SDL</Filter>
    </ClInclude>
    <ClInclude Include="ExternalTools\SDL2\include\SDL_rwops.h">
      <Filter>External Libraries\SDL</Filter>
    </ClInclude>
    <ClInclude Include="ExternalTools\SDL2\include\SDL_scancode.h">
      <Filter>External Libraries\SDL</Filter>
    </ClInclude>
    <ClInclude Include="ExternalTools\SDL2\include\SDL_sensor.h">
      <Filter>External Libraries\SDL</Filter>
    </ClInclude>
    <ClInclude Include="ExternalTools\SDL2\include\SDL_shape.h">
      <Filter>External Libraries\SDL</Filter>
    </ClInclude>
    <ClInclude Include="ExternalTools\SDL2\include\SDL_stdinc.h">
      <Filter>External Libraries\SDL</Filter>
    </ClInclude>
    <ClInclude Include="ExternalTools\SDL2\include\SDL_surface.h">
      <Filter>External Libraries\SDL</Filter>
    </ClInclude>
    <ClInclude Include="ExternalTools\SDL2\include\SDL_system.h">
      <Filter>External Libraries\SDL</Filter>
    </ClInclude>
    <ClInclude Include="ExternalTools\SDL2\include\SDL_syswm.h">
      <Filter>External Libraries\SDL</Filter>
    </ClInclude>
    <ClInclude Include="ExternalTools\SDL2\include\SDL_test.h">
      <Filter>External Libraries\SDL</Filter>
    </ClInclude>
    <ClInclude Include="ExternalTools\SDL2\include\SDL_test_assert.h">
      <Filter>External Libraries\SDL</Filter>
    </ClInclude>
    <ClInclude Include="ExternalTools\SDL2\include\SDL_test_common.h">
      <Filter>External Libraries\SDL</Filter>
    </ClInclude>
    <ClInclude Include="ExternalTools\SDL2\include\SDL_test_compare.h">
      <Filter>External Libraries\SDL</Filter>
    </ClInclude>
    <ClInclude Include="ExternalTools\SDL2\include\SDL_test_crc32.h">
      <Filter>External Libraries\SDL</Filter>
    </ClInclude>
    <ClInclude Include="ExternalTools\SDL2\include\SDL_test_font.h">
      <Filter>External Libraries\SDL</Filter>
    </ClInclude>
    <ClInclude Include="ExternalTools\SDL2\include\SDL_test_fuzzer.h">
      <Filter>External Libraries\SDL</Filter>
    </ClInclude>
    <ClInclude Include="ExternalTools\SDL2\include\SDL_test_harness.h">
      <Filter>External Libraries\SDL</Filter>
    </ClInclude>
    <ClInclude Include="ExternalTools\SDL2\include\SDL_test_images.h">
      <Filter>External Libraries\SDL</Filter>
    </ClInclude>
    <ClInclude Include="ExternalTools\SDL2\include\SDL_test_log.h">
      <Filter>External Libraries\SDL</Filter>
    </ClInclude>
    <ClInclude Include="ExternalTools\SDL2\include\SDL_test_md5.h">
      <Filter>External Libraries\SDL</Filter>
    </ClInclude>
    <ClInclude Include="ExternalTools\SDL2\include\SDL_test_memory.h">
      <Filter>External Libraries\SDL</Filter>
    </ClInclude>
    <ClInclude Include="ExternalTools\SDL2\include\SDL_test_random.h">
      <Filter>External Libraries\SDL</Filter>
    </ClInclude>
    <ClInclude Include="ExternalTools\SDL2\include\SDL_thread.h">
      <Filter>External Libraries\SDL</Filter>
    </ClInclude>
    <ClInclude Include="ExternalTools\SDL2\include\SDL_timer.h">
      <Filter>External Libraries\SDL</Filter>
    </ClInclude>
    <ClInclude Include="ExternalTools\SDL2\include\SDL_touch.h">
      <Filter>External Libraries\SDL</Filter>
    </ClInclude>
    <ClInclude Include="ExternalTools\SDL2\include\SDL_types.h">
      <Filter>External Libraries\SDL</Filter>
    </ClInclude>
    <ClInclude Include="ExternalTools\SDL2\include\SDL_version.h">
      <Filter>External Libraries\SDL</Filter>
    </ClInclude>
    <ClInclude Include="ExternalTools\SDL2\include\SDL_video.h">
      <Filter>External Libraries\SDL</Filter>
    </ClInclude>
    <ClInclude Include="ExternalTools\SDL2\include\SDL_vulkan.h">
      <Filter>External Libraries\SDL</Filter>
    </ClInclude>
    <ClInclude Include="ExternalTools\GLEW\include\GL\eglew.h">
      <Filter>External Libraries\GLEW</Filter>
    </ClInclude>
    <ClInclude Include="ExternalTools\GLEW\include\GL\glew.h">
      <Filter>External Libraries\GLEW</Filter>
    </ClInclude>
    <ClInclude Include="ExternalTools\GLEW\include\GL\glxew.h">
      <Filter>External Libraries\GLEW</Filter>
    </ClInclude>
    <ClInclude Include="ExternalTools\GLEW\include\GL\wglew.h">
      <Filter>External Libraries\GLEW</Filter>
    </ClInclude>
    <ClInclude Include="Logger.h">
      <Filter>Tools</Filter>
    </ClInclude>
    <ClInclude Include="Application.h">
      <Filter>Core</Filter>
    </ClInclude>
    <ClInclude Include="ExternalTools\mmgr\mmgr.h">
      <Filter>External Libraries\mmgr</Filter>
    </ClInclude>
    <ClInclude Include="ExternalTools\mmgr\nommgr.h">
      <Filter>External Libraries\mmgr</Filter>
    </ClInclude>
    <ClInclude Include="Module.h">
      <Filter>Modules\Base</Filter>
    </ClInclude>
    <ClInclude Include="m1Window.h">
      <Filter>Modules</Filter>
    </ClInclude>
    <ClInclude Include="m1Render3D.h">
      <Filter>Modules</Filter>
    </ClInclude>
    <ClInclude Include="m1Input.h">
      <Filter>Modules</Filter>
    </ClInclude>
    <ClInclude Include="m1Scene.h">
      <Filter>Modules</Filter>
    </ClInclude>
    <ClInclude Include="m1GUI.h">
      <Filter>Modules</Filter>
    </ClInclude>
    <ClInclude Include="FileSystem.h">
      <Filter>Tools</Filter>
    </ClInclude>
    <ClInclude Include="ExternalTools\JSON\json.hpp">
      <Filter>External Libraries\JSON</Filter>
    </ClInclude>
    <ClInclude Include="ExternalTools\par_shapes\par_shapes.h">
      <Filter>External Libraries</Filter>
    </ClInclude>
    <ClInclude Include="ExternalTools\MathGeoLib\include\MathBuildConfig.h">
      <Filter>External Libraries\MathGeoLib</Filter>
    </ClInclude>
    <ClInclude Include="ExternalTools\MathGeoLib\include\MathGeoLib.h">
      <Filter>External Libraries\MathGeoLib</Filter>
    </ClInclude>
    <ClInclude Include="ExternalTools\MathGeoLib\include\MathGeoLibFwd.h">
      <Filter>External Libraries\MathGeoLib</Filter>
    </ClInclude>
    <ClInclude Include="ExternalTools\MathGeoLib\include\Algorithm\Random\LCG.h">
      <Filter>External Libraries\MathGeoLib\Algorithm</Filter>
    </ClInclude>
    <ClInclude Include="ExternalTools\MathGeoLib\include\Geometry\HitInfo.h">
      <Filter>External Libraries\MathGeoLib\Geometry</Filter>
    </ClInclude>
    <ClInclude Include="ExternalTools\MathGeoLib\include\Geometry\KDTree.h">
      <Filter>External Libraries\MathGeoLib\Geometry</Filter>
    </ClInclude>
    <ClInclude Include="ExternalTools\MathGeoLib\include\Geometry\Line.h">
      <Filter>External Libraries\MathGeoLib\Geometry</Filter>
    </ClInclude>
    <ClInclude Include="ExternalTools\MathGeoLib\include\Geometry\LineSegment.h">
      <Filter>External Libraries\MathGeoLib\Geometry</Filter>
    </ClInclude>
    <ClInclude Include="ExternalTools\MathGeoLib\include\Geometry\OBB.h">
      <Filter>External Libraries\MathGeoLib\Geometry</Filter>
    </ClInclude>
    <ClInclude Include="ExternalTools\MathGeoLib\include\Geometry\PBVolume.h">
      <Filter>External Libraries\MathGeoLib\Geometry</Filter>
    </ClInclude>
    <ClInclude Include="ExternalTools\MathGeoLib\include\Geometry\Plane.h">
      <Filter>External Libraries\MathGeoLib\Geometry</Filter>
    </ClInclude>
    <ClInclude Include="ExternalTools\MathGeoLib\include\Geometry\Polygon.h">
      <Filter>External Libraries\MathGeoLib\Geometry</Filter>
    </ClInclude>
    <ClInclude Include="ExternalTools\MathGeoLib\include\Geometry\Polyhedron.h">
      <Filter>External Libraries\MathGeoLib\Geometry</Filter>
    </ClInclude>
    <ClInclude Include="ExternalTools\MathGeoLib\include\Geometry\QuadTree.h">
      <Filter>External Libraries\MathGeoLib\Geometry</Filter>
    </ClInclude>
    <ClInclude Include="ExternalTools\MathGeoLib\include\Geometry\Ray.h">
      <Filter>External Libraries\MathGeoLib\Geometry</Filter>
    </ClInclude>
    <ClInclude Include="ExternalTools\MathGeoLib\include\Geometry\Sphere.h">
      <Filter>External Libraries\MathGeoLib\Geometry</Filter>
    </ClInclude>
    <ClInclude Include="ExternalTools\MathGeoLib\include\Geometry\Triangle.h">
      <Filter>External Libraries\MathGeoLib\Geometry</Filter>
    </ClInclude>
    <ClInclude Include="ExternalTools\MathGeoLib\include\Geometry\TriangleMesh.h">
      <Filter>External Libraries\MathGeoLib\Geometry</Filter>
    </ClInclude>
    <ClInclude Include="ExternalTools\MathGeoLib\include\Geometry\AABB.h">
      <Filter>External Libraries\MathGeoLib\Geometry</Filter>
    </ClInclude>
    <ClInclude Include="ExternalTools\MathGeoLib\include\Geometry\AABB2D.h">
      <Filter>External Libraries\MathGeoLib\Geometry</Filter>
    </ClInclude>
    <ClInclude Include="ExternalTools\MathGeoLib\include\Geometry\Capsule.h">
      <Filter>External Libraries\MathGeoLib\Geometry</Filter>
    </ClInclude>
    <ClInclude Include="ExternalTools\MathGeoLib\include\Geometry\Circle.h">
      <Filter>External Libraries\MathGeoLib\Geometry</Filter>
    </ClInclude>
    <ClInclude Include="ExternalTools\MathGeoLib\include\Geometry\Cone.h">
      <Filter>External Libraries\MathGeoLib\Geometry</Filter>
    </ClInclude>
    <ClInclude Include="ExternalTools\MathGeoLib\include\Geometry\Cylinder.h">
      <Filter>External Libraries\MathGeoLib\Geometry</Filter>
    </ClInclude>
    <ClInclude Include="ExternalTools\MathGeoLib\include\Geometry\Frustum.h">
      <Filter>External Libraries\MathGeoLib\Geometry</Filter>
    </ClInclude>
    <ClInclude Include="ExternalTools\MathGeoLib\include\Geometry\GeometryAll.h">
      <Filter>External Libraries\MathGeoLib\Geometry</Filter>
    </ClInclude>
    <ClInclude Include="ExternalTools\MathGeoLib\include\Geometry\GeomType.h">
      <Filter>External Libraries\MathGeoLib\Geometry</Filter>
    </ClInclude>
    <ClInclude Include="ExternalTools\MathGeoLib\include\Math\FixedPoint.h">
      <Filter>External Libraries\MathGeoLib\Math</Filter>
    </ClInclude>
    <ClInclude Include="ExternalTools\MathGeoLib\include\Math\float2.h">
      <Filter>External Libraries\MathGeoLib\Math</Filter>
    </ClInclude>
    <ClInclude Include="ExternalTools\MathGeoLib\include\Math\float3.h">
      <Filter>External Libraries\MathGeoLib\Math</Filter>
    </ClInclude>
    <ClInclude Include="ExternalTools\MathGeoLib\include\Math\float3x3.h">
      <Filter>External Libraries\MathGeoLib\Math</Filter>
    </ClInclude>
    <ClInclude Include="ExternalTools\MathGeoLib\include\Math\float3x4.h">
      <Filter>External Libraries\MathGeoLib\Math</Filter>
    </ClInclude>
    <ClInclude Include="ExternalTools\MathGeoLib\include\Math\float4.h">
      <Filter>External Libraries\MathGeoLib\Math</Filter>
    </ClInclude>
    <ClInclude Include="ExternalTools\MathGeoLib\include\Math\float4_neon.h">
      <Filter>External Libraries\MathGeoLib\Math</Filter>
    </ClInclude>
    <ClInclude Include="ExternalTools\MathGeoLib\include\Math\float4_sse.h">
      <Filter>External Libraries\MathGeoLib\Math</Filter>
    </ClInclude>
    <ClInclude Include="ExternalTools\MathGeoLib\include\Math\float4x4.h">
      <Filter>External Libraries\MathGeoLib\Math</Filter>
    </ClInclude>
    <ClInclude Include="ExternalTools\MathGeoLib\include\Math\float4x4_neon.h">
      <Filter>External Libraries\MathGeoLib\Math</Filter>
    </ClInclude>
    <ClInclude Include="ExternalTools\MathGeoLib\include\Math\float4x4_sse.h">
      <Filter>External Libraries\MathGeoLib\Math</Filter>
    </ClInclude>
    <ClInclude Include="ExternalTools\MathGeoLib\include\Math\FloatCmp.h">
      <Filter>External Libraries\MathGeoLib\Math</Filter>
    </ClInclude>
    <ClInclude Include="ExternalTools\MathGeoLib\include\Math\MathAll.h">
      <Filter>External Libraries\MathGeoLib\Math</Filter>
    </ClInclude>
    <ClInclude Include="ExternalTools\MathGeoLib\include\Math\MathConstants.h">
      <Filter>External Libraries\MathGeoLib\Math</Filter>
    </ClInclude>
    <ClInclude Include="ExternalTools\MathGeoLib\include\Math\MathFunc.h">
      <Filter>External Libraries\MathGeoLib\Math</Filter>
    </ClInclude>
    <ClInclude Include="ExternalTools\MathGeoLib\include\Math\MathLog.h">
      <Filter>External Libraries\MathGeoLib\Math</Filter>
    </ClInclude>
    <ClInclude Include="ExternalTools\MathGeoLib\include\Math\MathNamespace.h">
      <Filter>External Libraries\MathGeoLib\Math</Filter>
    </ClInclude>
    <ClInclude Include="ExternalTools\MathGeoLib\include\Math\MathTypes.h">
      <Filter>External Libraries\MathGeoLib\Math</Filter>
    </ClInclude>
    <ClInclude Include="ExternalTools\MathGeoLib\include\Math\MatrixProxy.h">
      <Filter>External Libraries\MathGeoLib\Math</Filter>
    </ClInclude>
    <ClInclude Include="ExternalTools\MathGeoLib\include\Math\myassert.h">
      <Filter>External Libraries\MathGeoLib\Math</Filter>
    </ClInclude>
    <ClInclude Include="ExternalTools\MathGeoLib\include\Math\Polynomial.h">
      <Filter>External Libraries\MathGeoLib\Math</Filter>
    </ClInclude>
    <ClInclude Include="ExternalTools\MathGeoLib\include\Math\Quat.h">
      <Filter>External Libraries\MathGeoLib\Math</Filter>
    </ClInclude>
    <ClInclude Include="ExternalTools\MathGeoLib\include\Math\quat_simd.h">
      <Filter>External Libraries\MathGeoLib\Math</Filter>
    </ClInclude>
    <ClInclude Include="ExternalTools\MathGeoLib\include\Math\Rect.h">
      <Filter>External Libraries\MathGeoLib\Math</Filter>
    </ClInclude>
    <ClInclude Include="ExternalTools\MathGeoLib\include\Math\Reinterpret.h">
      <Filter>External Libraries\MathGeoLib\Math</Filter>
    </ClInclude>
    <ClInclude Include="ExternalTools\MathGeoLib\include\Math\sse_mathfun.h">
      <Filter>External Libraries\MathGeoLib\Math</Filter>
    </ClInclude>
    <ClInclude Include="ExternalTools\MathGeoLib\include\Math\SSEMath.h">
      <Filter>External Libraries\MathGeoLib\Math</Filter>
    </ClInclude>
    <ClInclude Include="ExternalTools\MathGeoLib\include\Math\TransformOps.h">
      <Filter>External Libraries\MathGeoLib\Math</Filter>
    </ClInclude>
    <ClInclude Include="ExternalTools\MathGeoLib\include\Math\assume.h">
      <Filter>External Libraries\MathGeoLib\Math</Filter>
    </ClInclude>
    <ClInclude Include="ExternalTools\MathGeoLib\include\Math\BitOps.h">
      <Filter>External Libraries\MathGeoLib\Math</Filter>
    </ClInclude>
    <ClInclude Include="ExternalTools\MathGeoLib\include\Math\Complex.h">
      <Filter>External Libraries\MathGeoLib\Math</Filter>
    </ClInclude>
    <ClInclude Include="ExternalTools\MathGeoLib\include\Math\CoordinateAxisConvention.h">
      <Filter>External Libraries\MathGeoLib\Math</Filter>
    </ClInclude>
    <ClInclude Include="ExternalTools\MathGeoLib\include\Time\Clock.h">
      <Filter>External Libraries\MathGeoLib\Time</Filter>
    </ClInclude>
    <ClInclude Include="m1Camera3D.h">
      <Filter>Modules</Filter>
    </ClInclude>
    <ClInclude Include="m1Objects.h">
      <Filter>Modules</Filter>
    </ClInclude>
    <ClInclude Include="Panel.h">
      <Filter>Panels\Base</Filter>
    </ClInclude>
    <ClInclude Include="p1Configuration.h">
      <Filter>Panels</Filter>
    </ClInclude>
    <ClInclude Include="p1About.h">
      <Filter>Panels</Filter>
    </ClInclude>
    <ClInclude Include="ExternalTools\ImGui\imgui_internal.h">
      <Filter>External Libraries\ImGui</Filter>
    </ClInclude>
    <ClInclude Include="ExternalTools\ImGui\imstb_rectpack.h">
      <Filter>External Libraries\ImGui</Filter>
    </ClInclude>
    <ClInclude Include="ExternalTools\ImGui\imstb_textedit.h">
      <Filter>External Libraries\ImGui</Filter>
    </ClInclude>
    <ClInclude Include="ExternalTools\ImGui\imstb_truetype.h">
      <Filter>External Libraries\ImGui</Filter>
    </ClInclude>
    <ClInclude Include="ExternalTools\ImGui\imconfig.h">
      <Filter>External Libraries\ImGui</Filter>
    </ClInclude>
    <ClInclude Include="ExternalTools\ImGui\imgui.h">
      <Filter>External Libraries\ImGui</Filter>
    </ClInclude>
    <ClInclude Include="ExternalTools\ImGui\imgui_impl_opengl3.h">
      <Filter>External Libraries\ImGui</Filter>
    </ClInclude>
    <ClInclude Include="ExternalTools\ImGui\imgui_impl_sdl.h">
      <Filter>External Libraries\ImGui</Filter>
    </ClInclude>
    <ClInclude Include="stb_image.h">
      <Filter>External Libraries</Filter>
    </ClInclude>
    <ClInclude Include="c1Mesh.h">
      <Filter>Objects\Components</Filter>
    </ClInclude>
    <ClInclude Include="c1Transform.h">
      <Filter>Objects\Components</Filter>
    </ClInclude>
    <ClInclude Include="c1Material.h">
      <Filter>Objects\Components</Filter>
    </ClInclude>
    <ClInclude Include="Component.h">
      <Filter>Objects\Components\Base</Filter>
    </ClInclude>
    <ClInclude Include="Object.h">
      <Filter>Objects</Filter>
    </ClInclude>
    <ClInclude Include="Resource.h">
      <Filter>Resources\Base</Filter>
    </ClInclude>
    <ClInclude Include="m1Resources.h">
      <Filter>Modules</Filter>
    </ClInclude>
    <ClInclude Include="r1Shader.h">
      <Filter>Resources</Filter>
    </ClInclude>
    <ClInclude Include="ExternalTools\PCG\pcg_random.hpp">
      <Filter>External Libraries\PCG</Filter>
    </ClInclude>
    <ClInclude Include="ExternalTools\PCG\pcg_uint128.hpp">
      <Filter>External Libraries\PCG</Filter>
    </ClInclude>
    <ClInclude Include="ExternalTools\PCG\pcg_extras.hpp">
      <Filter>External Libraries\PCG</Filter>
    </ClInclude>
    <ClInclude Include="Random.h">
      <Filter>Tools</Filter>
    </ClInclude>
    <ClInclude Include="m1Importer.h">
      <Filter>Modules</Filter>
    </ClInclude>
    <ClInclude Include="Importer.h">
      <Filter>Tools\Importers\Base</Filter>
    </ClInclude>
    <ClInclude Include="i1Tileset.h">
      <Filter>Tools\Importers</Filter>
    </ClInclude>
    <ClInclude Include="r1Mesh.h">
      <Filter>Resources</Filter>
    </ClInclude>
    <ClInclude Include="Buffer.h">
      <Filter>Tools</Filter>
    </ClInclude>
    <ClInclude Include="i1Model.h">
      <Filter>Tools\Importers</Filter>
    </ClInclude>
    <ClInclude Include="r1Model.h">
      <Filter>Resources</Filter>
    </ClInclude>
    <ClInclude Include="ExternalTools\Assimp\include\Bitmap.h">
      <Filter>External Libraries\Assimp</Filter>
    </ClInclude>
    <ClInclude Include="ExternalTools\Assimp\include\BlobIOSystem.h">
      <Filter>External Libraries\Assimp</Filter>
    </ClInclude>
    <ClInclude Include="ExternalTools\Assimp\include\ByteSwapper.h">
      <Filter>External Libraries\Assimp</Filter>
    </ClInclude>
    <ClInclude Include="ExternalTools\Assimp\include\camera.h">
      <Filter>External Libraries\Assimp</Filter>
    </ClInclude>
    <ClInclude Include="ExternalTools\Assimp\include\cexport.h">
      <Filter>External Libraries\Assimp</Filter>
    </ClInclude>
    <ClInclude Include="ExternalTools\Assimp\include\cfileio.h">
      <Filter>External Libraries\Assimp</Filter>
    </ClInclude>
    <ClInclude Include="ExternalTools\Assimp\include\cimport.h">
      <Filter>External Libraries\Assimp</Filter>
    </ClInclude>
    <ClInclude Include="ExternalTools\Assimp\include\color4.h">
      <Filter>External Libraries\Assimp</Filter>
    </ClInclude>
    <ClInclude Include="ExternalTools\Assimp\include\config.h">
      <Filter>External Libraries\Assimp</Filter>
    </ClInclude>
    <ClInclude Include="ExternalTools\Assimp\include\CreateAnimMesh.h">
      <Filter>External Libraries\Assimp</Filter>
    </ClInclude>
    <ClInclude Include="ExternalTools\Assimp\include\DefaultIOStream.h">
      <Filter>External Libraries\Assimp</Filter>
    </ClInclude>
    <ClInclude Include="ExternalTools\Assimp\include\DefaultIOSystem.h">
      <Filter>External Libraries\Assimp</Filter>
    </ClInclude>
    <ClInclude Include="ExternalTools\Assimp\include\DefaultLogger.hpp">
      <Filter>External Libraries\Assimp</Filter>
    </ClInclude>
    <ClInclude Include="ExternalTools\Assimp\include\Defines.h">
      <Filter>External Libraries\Assimp</Filter>
    </ClInclude>
    <ClInclude Include="ExternalTools\Assimp\include\defs.h">
      <Filter>External Libraries\Assimp</Filter>
    </ClInclude>
    <ClInclude Include="ExternalTools\Assimp\include\Exceptional.h">
      <Filter>External Libraries\Assimp</Filter>
    </ClInclude>
    <ClInclude Include="ExternalTools\Assimp\include\Exporter.hpp">
      <Filter>External Libraries\Assimp</Filter>
    </ClInclude>
    <ClInclude Include="ExternalTools\Assimp\include\fast_atof.h">
      <Filter>External Libraries\Assimp</Filter>
    </ClInclude>
    <ClInclude Include="ExternalTools\Assimp\include\GenericProperty.h">
      <Filter>External Libraries\Assimp</Filter>
    </ClInclude>
    <ClInclude Include="ExternalTools\Assimp\include\Hash.h">
      <Filter>External Libraries\Assimp</Filter>
    </ClInclude>
    <ClInclude Include="ExternalTools\Assimp\include\Importer.hpp">
      <Filter>External Libraries\Assimp</Filter>
    </ClInclude>
    <ClInclude Include="ExternalTools\Assimp\include\importerdesc.h">
      <Filter>External Libraries\Assimp</Filter>
    </ClInclude>
    <ClInclude Include="ExternalTools\Assimp\include\IOStream.hpp">
      <Filter>External Libraries\Assimp</Filter>
    </ClInclude>
    <ClInclude Include="ExternalTools\Assimp\include\IOStreamBuffer.h">
      <Filter>External Libraries\Assimp</Filter>
    </ClInclude>
    <ClInclude Include="ExternalTools\Assimp\include\IOSystem.hpp">
      <Filter>External Libraries\Assimp</Filter>
    </ClInclude>
    <ClInclude Include="ExternalTools\Assimp\include\irrXMLWrapper.h">
      <Filter>External Libraries\Assimp</Filter>
    </ClInclude>
    <ClInclude Include="ExternalTools\Assimp\include\light.h">
      <Filter>External Libraries\Assimp</Filter>
    </ClInclude>
    <ClInclude Include="ExternalTools\Assimp\include\LineSplitter.h">
      <Filter>External Libraries\Assimp</Filter>
    </ClInclude>
    <ClInclude Include="ExternalTools\Assimp\include\LogAux.h">
      <Filter>External Libraries\Assimp</Filter>
    </ClInclude>
    <ClInclude Include="ExternalTools\Assimp\include\Logger.hpp">
      <Filter>External Libraries\Assimp</Filter>
    </ClInclude>
    <ClInclude Include="ExternalTools\Assimp\include\LogStream.hpp">
      <Filter>External Libraries\Assimp</Filter>
    </ClInclude>
    <ClInclude Include="ExternalTools\Assimp\include\Macros.h">
      <Filter>External Libraries\Assimp</Filter>
    </ClInclude>
    <ClInclude Include="ExternalTools\Assimp\include\material.h">
      <Filter>External Libraries\Assimp</Filter>
    </ClInclude>
    <ClInclude Include="ExternalTools\Assimp\include\MathFunctions.h">
      <Filter>External Libraries\Assimp</Filter>
    </ClInclude>
    <ClInclude Include="ExternalTools\Assimp\include\matrix3x3.h">
      <Filter>External Libraries\Assimp</Filter>
    </ClInclude>
    <ClInclude Include="ExternalTools\Assimp\include\matrix4x4.h">
      <Filter>External Libraries\Assimp</Filter>
    </ClInclude>
    <ClInclude Include="ExternalTools\Assimp\include\MemoryIOWrapper.h">
      <Filter>External Libraries\Assimp</Filter>
    </ClInclude>
    <ClInclude Include="ExternalTools\Assimp\include\mesh.h">
      <Filter>External Libraries\Assimp</Filter>
    </ClInclude>
    <ClInclude Include="ExternalTools\Assimp\include\metadata.h">
      <Filter>External Libraries\Assimp</Filter>
    </ClInclude>
    <ClInclude Include="ExternalTools\Assimp\include\NullLogger.hpp">
      <Filter>External Libraries\Assimp</Filter>
    </ClInclude>
    <ClInclude Include="ExternalTools\Assimp\include\ParsingUtils.h">
      <Filter>External Libraries\Assimp</Filter>
    </ClInclude>
    <ClInclude Include="ExternalTools\Assimp\include\pbrmaterial.h">
      <Filter>External Libraries\Assimp</Filter>
    </ClInclude>
    <ClInclude Include="ExternalTools\Assimp\include\postprocess.h">
      <Filter>External Libraries\Assimp</Filter>
    </ClInclude>
    <ClInclude Include="ExternalTools\Assimp\include\Profiler.h">
      <Filter>External Libraries\Assimp</Filter>
    </ClInclude>
    <ClInclude Include="ExternalTools\Assimp\include\ProgressHandler.hpp">
      <Filter>External Libraries\Assimp</Filter>
    </ClInclude>
    <ClInclude Include="ExternalTools\Assimp\include\qnan.h">
      <Filter>External Libraries\Assimp</Filter>
    </ClInclude>
    <ClInclude Include="ExternalTools\Assimp\include\quaternion.h">
      <Filter>External Libraries\Assimp</Filter>
    </ClInclude>
    <ClInclude Include="ExternalTools\Assimp\include\RemoveComments.h">
      <Filter>External Libraries\Assimp</Filter>
    </ClInclude>
    <ClInclude Include="ExternalTools\Assimp\include\scene.h">
      <Filter>External Libraries\Assimp</Filter>
    </ClInclude>
    <ClInclude Include="ExternalTools\Assimp\include\SceneCombiner.h">
      <Filter>External Libraries\Assimp</Filter>
    </ClInclude>
    <ClInclude Include="ExternalTools\Assimp\include\SGSpatialSort.h">
      <Filter>External Libraries\Assimp</Filter>
    </ClInclude>
    <ClInclude Include="ExternalTools\Assimp\include\SkeletonMeshBuilder.h">
      <Filter>External Libraries\Assimp</Filter>
    </ClInclude>
    <ClInclude Include="ExternalTools\Assimp\include\SmoothingGroups.h">
      <Filter>External Libraries\Assimp</Filter>
    </ClInclude>
    <ClInclude Include="ExternalTools\Assimp\include\SpatialSort.h">
      <Filter>External Libraries\Assimp</Filter>
    </ClInclude>
    <ClInclude Include="ExternalTools\Assimp\include\StandardShapes.h">
      <Filter>External Libraries\Assimp</Filter>
    </ClInclude>
    <ClInclude Include="ExternalTools\Assimp\include\StreamReader.h">
      <Filter>External Libraries\Assimp</Filter>
    </ClInclude>
    <ClInclude Include="ExternalTools\Assimp\include\StreamWriter.h">
      <Filter>External Libraries\Assimp</Filter>
    </ClInclude>
    <ClInclude Include="ExternalTools\Assimp\include\StringComparison.h">
      <Filter>External Libraries\Assimp</Filter>
    </ClInclude>
    <ClInclude Include="ExternalTools\Assimp\include\StringUtils.h">
      <Filter>External Libraries\Assimp</Filter>
    </ClInclude>
    <ClInclude Include="ExternalTools\Assimp\include\Subdivision.h">
      <Filter>External Libraries\Assimp</Filter>
    </ClInclude>
    <ClInclude Include="ExternalTools\Assimp\include\texture.h">
      <Filter>External Libraries\Assimp</Filter>
    </ClInclude>
    <ClInclude Include="ExternalTools\Assimp\include\TinyFormatter.h">
      <Filter>External Libraries\Assimp</Filter>
    </ClInclude>
    <ClInclude Include="ExternalTools\Assimp\include\types.h">
      <Filter>External Libraries\Assimp</Filter>
    </ClInclude>
    <ClInclude Include="ExternalTools\Assimp\include\vector2.h">
      <Filter>External Libraries\Assimp</Filter>
    </ClInclude>
    <ClInclude Include="ExternalTools\Assimp\include\vector3.h">
      <Filter>External Libraries\Assimp</Filter>
    </ClInclude>
    <ClInclude Include="ExternalTools\Assimp\include\version.h">
      <Filter>External Libraries\Assimp</Filter>
    </ClInclude>
    <ClInclude Include="ExternalTools\Assimp\include\Vertex.h">
      <Filter>External Libraries\Assimp</Filter>
    </ClInclude>
    <ClInclude Include="ExternalTools\Assimp\include\XMLTools.h">
      <Filter>External Libraries\Assimp</Filter>
    </ClInclude>
    <ClInclude Include="ExternalTools\Assimp\include\ZipArchiveIOSystem.h">
      <Filter>External Libraries\Assimp</Filter>
    </ClInclude>
    <ClInclude Include="ExternalTools\Assimp\include\aabb.h">
      <Filter>External Libraries\Assimp</Filter>
    </ClInclude>
    <ClInclude Include="ExternalTools\Assimp\include\ai_assert.h">
      <Filter>External Libraries\Assimp</Filter>
    </ClInclude>
    <ClInclude Include="ExternalTools\Assimp\include\anim.h">
      <Filter>External Libraries\Assimp</Filter>
    </ClInclude>
    <ClInclude Include="ExternalTools\Assimp\include\BaseImporter.h">
      <Filter>External Libraries\Assimp</Filter>
    </ClInclude>
    <ClInclude Include="ExternalTools\Assimp\include\Compiler\pstdint.h">
      <Filter>External Libraries\Assimp\Compiler</Filter>
    </ClInclude>
    <ClInclude Include="ExternalTools\Assimp\include\Compiler\pushpack1.h">
      <Filter>External Libraries\Assimp\Compiler</Filter>
    </ClInclude>
    <ClInclude Include="ExternalTools\Assimp\include\Compiler\poppack1.h">
      <Filter>External Libraries\Assimp\Compiler</Filter>
    </ClInclude>
    <ClInclude Include="r1Texture.h">
      <Filter>Resources</Filter>
    </ClInclude>
    <ClInclude Include="p1Objects.h">
      <Filter>Panels</Filter>
    </ClInclude>
    <ClInclude Include="p1Inspector.h">
      <Filter>Panels</Filter>
    </ClInclude>
    <ClInclude Include="p1Console.h">
      <Filter>Panels</Filter>
    </ClInclude>
    <ClInclude Include="IconsFontAwesome5.h">
      <Filter>External Libraries\ImGui</Filter>
    </ClInclude>
    <ClInclude Include="p1Scene.h">
      <Filter>Panels</Filter>
    </ClInclude>
    <ClInclude Include="p1Resources.h" />
  </ItemGroup>
  <ItemGroup>
    <None Include="ExternalTools\MathGeoLib\include\Geometry\KDTree.inl">
      <Filter>External Libraries\MathGeoLib\Geometry</Filter>
    </None>
    <None Include="ExternalTools\MathGeoLib\include\Geometry\QuadTree.inl">
      <Filter>External Libraries\MathGeoLib\Geometry</Filter>
    </None>
    <None Include="ExternalTools\MathGeoLib\include\Geometry\TriangleMesh_IntersectRay_AVX.inl">
      <Filter>External Libraries\MathGeoLib\Geometry</Filter>
    </None>
    <None Include="ExternalTools\MathGeoLib\include\Geometry\TriangleMesh_IntersectRay_CPP.inl">
      <Filter>External Libraries\MathGeoLib\Geometry</Filter>
    </None>
    <None Include="ExternalTools\MathGeoLib\include\Geometry\TriangleMesh_IntersectRay_SSE.inl">
      <Filter>External Libraries\MathGeoLib\Geometry</Filter>
    </None>
    <None Include="ExternalTools\MathGeoLib\include\Math\Matrix.inl">
      <Filter>External Libraries\MathGeoLib\Math</Filter>
    </None>
    <None Include="ExternalTools\Assimp\include\color4.inl">
      <Filter>External Libraries\Assimp</Filter>
    </None>
    <None Include="ExternalTools\Assimp\include\material.inl">
      <Filter>External Libraries\Assimp</Filter>
    </None>
    <None Include="ExternalTools\Assimp\include\matrix3x3.inl">
      <Filter>External Libraries\Assimp</Filter>
    </None>
    <None Include="ExternalTools\Assimp\include\matrix4x4.inl">
      <Filter>External Libraries\Assimp</Filter>
    </None>
    <None Include="ExternalTools\Assimp\include\quaternion.inl">
      <Filter>External Libraries\Assimp</Filter>
    </None>
    <None Include="ExternalTools\Assimp\include\SmoothingGroups.inl">
      <Filter>External Libraries\Assimp</Filter>
    </None>
    <None Include="ExternalTools\Assimp\include\vector2.inl">
      <Filter>External Libraries\Assimp</Filter>
    </None>
    <None Include="ExternalTools\Assimp\include\vector3.inl">
      <Filter>External Libraries\Assimp</Filter>
    </None>
  </ItemGroup>
</Project>